// !$*UTF8*$!
{
	archiveVersion = 1;
	classes = {
	};
	objectVersion = 46;
	objects = {

/* Begin PBXBuildFile section */
		0340A4BC1CBE88A700A4984D /* User.swift in Sources */ = {isa = PBXBuildFile; fileRef = 0340A4BB1CBE88A700A4984D /* User.swift */; };
		0376DA301CEF6B8700CCD5A4 /* PulseAnimation.swift in Sources */ = {isa = PBXBuildFile; fileRef = 0376DA2F1CEF6B8700CCD5A4 /* PulseAnimation.swift */; };
		0376DA771CF0621800CCD5A4 /* FindMe_intro_00000.png in Resources */ = {isa = PBXBuildFile; fileRef = 0376DA311CF0621800CCD5A4 /* FindMe_intro_00000.png */; };
		0376DA781CF0621800CCD5A4 /* FindMe_intro_00001.png in Resources */ = {isa = PBXBuildFile; fileRef = 0376DA321CF0621800CCD5A4 /* FindMe_intro_00001.png */; };
		0376DA791CF0621800CCD5A4 /* FindMe_intro_00002.png in Resources */ = {isa = PBXBuildFile; fileRef = 0376DA331CF0621800CCD5A4 /* FindMe_intro_00002.png */; };
		0376DA7A1CF0621800CCD5A4 /* FindMe_intro_00003.png in Resources */ = {isa = PBXBuildFile; fileRef = 0376DA341CF0621800CCD5A4 /* FindMe_intro_00003.png */; };
		0376DA7B1CF0621800CCD5A4 /* FindMe_intro_00004.png in Resources */ = {isa = PBXBuildFile; fileRef = 0376DA351CF0621800CCD5A4 /* FindMe_intro_00004.png */; };
		0376DA7C1CF0621800CCD5A4 /* FindMe_intro_00005.png in Resources */ = {isa = PBXBuildFile; fileRef = 0376DA361CF0621800CCD5A4 /* FindMe_intro_00005.png */; };
		0376DA7D1CF0621800CCD5A4 /* FindMe_intro_00006.png in Resources */ = {isa = PBXBuildFile; fileRef = 0376DA371CF0621800CCD5A4 /* FindMe_intro_00006.png */; };
		0376DA7E1CF0621800CCD5A4 /* FindMe_intro_00007.png in Resources */ = {isa = PBXBuildFile; fileRef = 0376DA381CF0621800CCD5A4 /* FindMe_intro_00007.png */; };
		0376DA7F1CF0621800CCD5A4 /* FindMe_intro_00008.png in Resources */ = {isa = PBXBuildFile; fileRef = 0376DA391CF0621800CCD5A4 /* FindMe_intro_00008.png */; };
		0376DA801CF0621800CCD5A4 /* FindMe_intro_00009.png in Resources */ = {isa = PBXBuildFile; fileRef = 0376DA3A1CF0621800CCD5A4 /* FindMe_intro_00009.png */; };
		0376DA811CF0621800CCD5A4 /* FindMe_intro_00010.png in Resources */ = {isa = PBXBuildFile; fileRef = 0376DA3B1CF0621800CCD5A4 /* FindMe_intro_00010.png */; };
		0376DA821CF0621800CCD5A4 /* FindMe_intro_00011.png in Resources */ = {isa = PBXBuildFile; fileRef = 0376DA3C1CF0621800CCD5A4 /* FindMe_intro_00011.png */; };
		0376DA831CF0621800CCD5A4 /* FindMe_intro_00012.png in Resources */ = {isa = PBXBuildFile; fileRef = 0376DA3D1CF0621800CCD5A4 /* FindMe_intro_00012.png */; };
		0376DA841CF0621800CCD5A4 /* FindMe_intro_00013.png in Resources */ = {isa = PBXBuildFile; fileRef = 0376DA3E1CF0621800CCD5A4 /* FindMe_intro_00013.png */; };
		0376DA851CF0621800CCD5A4 /* FindMe_intro_00014.png in Resources */ = {isa = PBXBuildFile; fileRef = 0376DA3F1CF0621800CCD5A4 /* FindMe_intro_00014.png */; };
		0376DA861CF0621800CCD5A4 /* FindMe_intro_00015.png in Resources */ = {isa = PBXBuildFile; fileRef = 0376DA401CF0621800CCD5A4 /* FindMe_intro_00015.png */; };
		0376DA871CF0621800CCD5A4 /* FindMe_intro_00016.png in Resources */ = {isa = PBXBuildFile; fileRef = 0376DA411CF0621800CCD5A4 /* FindMe_intro_00016.png */; };
		0376DA881CF0621800CCD5A4 /* FindMe_intro_00017.png in Resources */ = {isa = PBXBuildFile; fileRef = 0376DA421CF0621800CCD5A4 /* FindMe_intro_00017.png */; };
		0376DA891CF0621800CCD5A4 /* FindMe_intro_00018.png in Resources */ = {isa = PBXBuildFile; fileRef = 0376DA431CF0621800CCD5A4 /* FindMe_intro_00018.png */; };
		0376DA8A1CF0621800CCD5A4 /* FindMe_intro_00019.png in Resources */ = {isa = PBXBuildFile; fileRef = 0376DA441CF0621800CCD5A4 /* FindMe_intro_00019.png */; };
		0376DA8B1CF0621800CCD5A4 /* FindMe_intro_00020.png in Resources */ = {isa = PBXBuildFile; fileRef = 0376DA451CF0621800CCD5A4 /* FindMe_intro_00020.png */; };
		0376DA8C1CF0621800CCD5A4 /* FindMe_intro_00021.png in Resources */ = {isa = PBXBuildFile; fileRef = 0376DA461CF0621800CCD5A4 /* FindMe_intro_00021.png */; };
		0376DA8D1CF0621800CCD5A4 /* FindMe_intro_00022.png in Resources */ = {isa = PBXBuildFile; fileRef = 0376DA471CF0621800CCD5A4 /* FindMe_intro_00022.png */; };
		0376DA8E1CF0621800CCD5A4 /* FindMe_intro_00023.png in Resources */ = {isa = PBXBuildFile; fileRef = 0376DA481CF0621800CCD5A4 /* FindMe_intro_00023.png */; };
		0376DA8F1CF0621800CCD5A4 /* FindMe_intro_00024.png in Resources */ = {isa = PBXBuildFile; fileRef = 0376DA491CF0621800CCD5A4 /* FindMe_intro_00024.png */; };
		0376DA901CF0621800CCD5A4 /* FindMe_intro_00025.png in Resources */ = {isa = PBXBuildFile; fileRef = 0376DA4A1CF0621800CCD5A4 /* FindMe_intro_00025.png */; };
		0376DA911CF0621800CCD5A4 /* FindMe_intro_00026.png in Resources */ = {isa = PBXBuildFile; fileRef = 0376DA4B1CF0621800CCD5A4 /* FindMe_intro_00026.png */; };
		0376DA921CF0621800CCD5A4 /* FindMe_intro_00027.png in Resources */ = {isa = PBXBuildFile; fileRef = 0376DA4C1CF0621800CCD5A4 /* FindMe_intro_00027.png */; };
		0376DA931CF0621800CCD5A4 /* FindMe_intro_00028.png in Resources */ = {isa = PBXBuildFile; fileRef = 0376DA4D1CF0621800CCD5A4 /* FindMe_intro_00028.png */; };
		0376DA941CF0621800CCD5A4 /* FindMe_intro_00029.png in Resources */ = {isa = PBXBuildFile; fileRef = 0376DA4E1CF0621800CCD5A4 /* FindMe_intro_00029.png */; };
		0376DA951CF0621800CCD5A4 /* FindMe_intro_00030.png in Resources */ = {isa = PBXBuildFile; fileRef = 0376DA4F1CF0621800CCD5A4 /* FindMe_intro_00030.png */; };
		0376DA961CF0621800CCD5A4 /* FindMe_intro_00031.png in Resources */ = {isa = PBXBuildFile; fileRef = 0376DA501CF0621800CCD5A4 /* FindMe_intro_00031.png */; };
		0376DA971CF0621800CCD5A4 /* FindMe_intro_00032.png in Resources */ = {isa = PBXBuildFile; fileRef = 0376DA511CF0621800CCD5A4 /* FindMe_intro_00032.png */; };
		0376DA981CF0621800CCD5A4 /* FindMe_intro_00033.png in Resources */ = {isa = PBXBuildFile; fileRef = 0376DA521CF0621800CCD5A4 /* FindMe_intro_00033.png */; };
		0376DA991CF0621800CCD5A4 /* FindMe_intro_00034.png in Resources */ = {isa = PBXBuildFile; fileRef = 0376DA531CF0621800CCD5A4 /* FindMe_intro_00034.png */; };
		0376DA9A1CF0621800CCD5A4 /* FindMe_intro_00035.png in Resources */ = {isa = PBXBuildFile; fileRef = 0376DA541CF0621800CCD5A4 /* FindMe_intro_00035.png */; };
		0376DA9B1CF0621800CCD5A4 /* FindMe_intro_00036.png in Resources */ = {isa = PBXBuildFile; fileRef = 0376DA551CF0621800CCD5A4 /* FindMe_intro_00036.png */; };
		0376DA9C1CF0621800CCD5A4 /* FindMe_intro_00037.png in Resources */ = {isa = PBXBuildFile; fileRef = 0376DA561CF0621800CCD5A4 /* FindMe_intro_00037.png */; };
		0376DA9D1CF0621800CCD5A4 /* FindMe_intro_00038.png in Resources */ = {isa = PBXBuildFile; fileRef = 0376DA571CF0621800CCD5A4 /* FindMe_intro_00038.png */; };
		0376DA9E1CF0621800CCD5A4 /* FindMe_intro_00039.png in Resources */ = {isa = PBXBuildFile; fileRef = 0376DA581CF0621800CCD5A4 /* FindMe_intro_00039.png */; };
		0376DA9F1CF0621800CCD5A4 /* FindMe_intro_00040.png in Resources */ = {isa = PBXBuildFile; fileRef = 0376DA591CF0621800CCD5A4 /* FindMe_intro_00040.png */; };
		0376DAA01CF0621800CCD5A4 /* FindMe_intro_00041.png in Resources */ = {isa = PBXBuildFile; fileRef = 0376DA5A1CF0621800CCD5A4 /* FindMe_intro_00041.png */; };
		0376DAA11CF0621800CCD5A4 /* FindMe_intro_00042.png in Resources */ = {isa = PBXBuildFile; fileRef = 0376DA5B1CF0621800CCD5A4 /* FindMe_intro_00042.png */; };
		0376DAA21CF0621800CCD5A4 /* FindMe_intro_00043.png in Resources */ = {isa = PBXBuildFile; fileRef = 0376DA5C1CF0621800CCD5A4 /* FindMe_intro_00043.png */; };
		0376DAA31CF0621800CCD5A4 /* FindMe_intro_00044.png in Resources */ = {isa = PBXBuildFile; fileRef = 0376DA5D1CF0621800CCD5A4 /* FindMe_intro_00044.png */; };
		0376DAA41CF0621800CCD5A4 /* FindMe_intro_00045.png in Resources */ = {isa = PBXBuildFile; fileRef = 0376DA5E1CF0621800CCD5A4 /* FindMe_intro_00045.png */; };
		0376DAA51CF0621800CCD5A4 /* FindMe_intro_00046.png in Resources */ = {isa = PBXBuildFile; fileRef = 0376DA5F1CF0621800CCD5A4 /* FindMe_intro_00046.png */; };
		0376DAA61CF0621800CCD5A4 /* FindMe_intro_00047.png in Resources */ = {isa = PBXBuildFile; fileRef = 0376DA601CF0621800CCD5A4 /* FindMe_intro_00047.png */; };
		0376DAA71CF0621800CCD5A4 /* FindMe_intro_00048.png in Resources */ = {isa = PBXBuildFile; fileRef = 0376DA611CF0621800CCD5A4 /* FindMe_intro_00048.png */; };
		0376DAA81CF0621800CCD5A4 /* FindMe_intro_00049.png in Resources */ = {isa = PBXBuildFile; fileRef = 0376DA621CF0621800CCD5A4 /* FindMe_intro_00049.png */; };
		0376DAA91CF0621800CCD5A4 /* FindMe_intro_00050.png in Resources */ = {isa = PBXBuildFile; fileRef = 0376DA631CF0621800CCD5A4 /* FindMe_intro_00050.png */; };
		0376DAAA1CF0621800CCD5A4 /* FindMe_intro_00051.png in Resources */ = {isa = PBXBuildFile; fileRef = 0376DA641CF0621800CCD5A4 /* FindMe_intro_00051.png */; };
		0376DAAB1CF0621800CCD5A4 /* FindMe_intro_00052.png in Resources */ = {isa = PBXBuildFile; fileRef = 0376DA651CF0621800CCD5A4 /* FindMe_intro_00052.png */; };
		0376DAAC1CF0621800CCD5A4 /* FindMe_intro_00053.png in Resources */ = {isa = PBXBuildFile; fileRef = 0376DA661CF0621800CCD5A4 /* FindMe_intro_00053.png */; };
		0376DAAD1CF0621800CCD5A4 /* FindMe_intro_00054.png in Resources */ = {isa = PBXBuildFile; fileRef = 0376DA671CF0621800CCD5A4 /* FindMe_intro_00054.png */; };
		0376DAAE1CF0621800CCD5A4 /* FindMe_intro_00055.png in Resources */ = {isa = PBXBuildFile; fileRef = 0376DA681CF0621800CCD5A4 /* FindMe_intro_00055.png */; };
		0376DAAF1CF0621800CCD5A4 /* FindMe_intro_00056.png in Resources */ = {isa = PBXBuildFile; fileRef = 0376DA691CF0621800CCD5A4 /* FindMe_intro_00056.png */; };
		0376DAB01CF0621800CCD5A4 /* FindMe_intro_00057.png in Resources */ = {isa = PBXBuildFile; fileRef = 0376DA6A1CF0621800CCD5A4 /* FindMe_intro_00057.png */; };
		0376DAB11CF0621800CCD5A4 /* FindMe_intro_00058.png in Resources */ = {isa = PBXBuildFile; fileRef = 0376DA6B1CF0621800CCD5A4 /* FindMe_intro_00058.png */; };
		0376DAB21CF0621800CCD5A4 /* FindMe_intro_00059.png in Resources */ = {isa = PBXBuildFile; fileRef = 0376DA6C1CF0621800CCD5A4 /* FindMe_intro_00059.png */; };
		0376DAB31CF0621800CCD5A4 /* FindMe_intro_00060.png in Resources */ = {isa = PBXBuildFile; fileRef = 0376DA6D1CF0621800CCD5A4 /* FindMe_intro_00060.png */; };
		0376DAB41CF0621800CCD5A4 /* FindMe_intro_00061.png in Resources */ = {isa = PBXBuildFile; fileRef = 0376DA6E1CF0621800CCD5A4 /* FindMe_intro_00061.png */; };
		0376DAB51CF0621800CCD5A4 /* FindMe_intro_00062.png in Resources */ = {isa = PBXBuildFile; fileRef = 0376DA6F1CF0621800CCD5A4 /* FindMe_intro_00062.png */; };
		0376DAB61CF0621800CCD5A4 /* FindMe_intro_00063.png in Resources */ = {isa = PBXBuildFile; fileRef = 0376DA701CF0621800CCD5A4 /* FindMe_intro_00063.png */; };
		0376DAB71CF0621800CCD5A4 /* FindMe_intro_00064.png in Resources */ = {isa = PBXBuildFile; fileRef = 0376DA711CF0621800CCD5A4 /* FindMe_intro_00064.png */; };
		0376DAB81CF0621800CCD5A4 /* FindMe_intro_00065.png in Resources */ = {isa = PBXBuildFile; fileRef = 0376DA721CF0621800CCD5A4 /* FindMe_intro_00065.png */; };
		0376DAB91CF0621800CCD5A4 /* FindMe_intro_00066.png in Resources */ = {isa = PBXBuildFile; fileRef = 0376DA731CF0621800CCD5A4 /* FindMe_intro_00066.png */; };
		0376DABA1CF0621800CCD5A4 /* FindMe_intro_00067.png in Resources */ = {isa = PBXBuildFile; fileRef = 0376DA741CF0621800CCD5A4 /* FindMe_intro_00067.png */; };
		0376DABB1CF0621800CCD5A4 /* FindMe_intro_00068.png in Resources */ = {isa = PBXBuildFile; fileRef = 0376DA751CF0621800CCD5A4 /* FindMe_intro_00068.png */; };
		0376DABC1CF0621800CCD5A4 /* FindMe_intro_00069.png in Resources */ = {isa = PBXBuildFile; fileRef = 0376DA761CF0621800CCD5A4 /* FindMe_intro_00069.png */; };
		0376F7401C9809350023C0A7 /* Enum.swift in Sources */ = {isa = PBXBuildFile; fileRef = 0376F73C1C9809350023C0A7 /* Enum.swift */; };
		0376F7411C9809350023C0A7 /* FontAwesome.otf in Resources */ = {isa = PBXBuildFile; fileRef = 0376F73D1C9809350023C0A7 /* FontAwesome.otf */; };
		0376F7421C9809350023C0A7 /* FontAwesome.swift in Sources */ = {isa = PBXBuildFile; fileRef = 0376F73F1C9809350023C0A7 /* FontAwesome.swift */; };
		03B27FE41C99F86700D744DA /* UserAnnotation.swift in Sources */ = {isa = PBXBuildFile; fileRef = 03B27FE31C99F86700D744DA /* UserAnnotation.swift */; };
		03B27FE61C99FE5400D744DA /* ParamViewController.swift in Sources */ = {isa = PBXBuildFile; fileRef = 03B27FE51C99FE5400D744DA /* ParamViewController.swift */; };
		03B27FE81C9A018600D744DA /* ContactViewController.swift in Sources */ = {isa = PBXBuildFile; fileRef = 03B27FE71C9A018600D744DA /* ContactViewController.swift */; };
		03B27FEA1C9A2BF900D744DA /* UserAnnotationView.swift in Sources */ = {isa = PBXBuildFile; fileRef = 03B27FE91C9A2BF900D744DA /* UserAnnotationView.swift */; };
		03B27FEC1C9AE3F000D744DA /* Users.swift in Sources */ = {isa = PBXBuildFile; fileRef = 03B27FEB1C9AE3F000D744DA /* Users.swift */; };
		03CF68FE1C97491400194684 /* umpc.gpx in Resources */ = {isa = PBXBuildFile; fileRef = 03CF68FD1C97491400194684 /* umpc.gpx */; };
		27E25A12ADAECA0C8D3D46BB /* Pods_findmeTests.framework in Frameworks */ = {isa = PBXBuildFile; fileRef = 83ADE859CB586A483D36AE23 /* Pods_findmeTests.framework */; };
		292D66811C9AA92100BE0DEC /* LoginViewController.swift in Sources */ = {isa = PBXBuildFile; fileRef = 292D66801C9AA92100BE0DEC /* LoginViewController.swift */; };
		292D66831C9AA99B00BE0DEC /* RegisterViewController.swift in Sources */ = {isa = PBXBuildFile; fileRef = 292D66821C9AA99B00BE0DEC /* RegisterViewController.swift */; };
		292D66871C9ABDA800BE0DEC /* ConnectionSettings.swift in Sources */ = {isa = PBXBuildFile; fileRef = 292D66861C9ABDA800BE0DEC /* ConnectionSettings.swift */; };
		295635721CDB7A20007F3DE9 /* WSConnection.swift in Sources */ = {isa = PBXBuildFile; fileRef = 295635711CDB7A20007F3DE9 /* WSConnection.swift */; };
		297D04FC1CDA2B6B0012E149 /* AboutViewController.swift in Sources */ = {isa = PBXBuildFile; fileRef = 297D04FB1CDA2B6B0012E149 /* AboutViewController.swift */; };
		29C3EC9C1CE31C0E00F613C1 /* WSService.swift in Sources */ = {isa = PBXBuildFile; fileRef = 29C3EC9B1CE31C0E00F613C1 /* WSService.swift */; };
		29E3C5F11C8B19B900DDD92A /* AppDelegate.swift in Sources */ = {isa = PBXBuildFile; fileRef = 29E3C5F01C8B19B900DDD92A /* AppDelegate.swift */; };
		29E3C5F31C8B19B900DDD92A /* MapViewController.swift in Sources */ = {isa = PBXBuildFile; fileRef = 29E3C5F21C8B19B900DDD92A /* MapViewController.swift */; };
		29E3C5F61C8B19B900DDD92A /* Main.storyboard in Resources */ = {isa = PBXBuildFile; fileRef = 29E3C5F41C8B19B900DDD92A /* Main.storyboard */; };
		29E3C5F81C8B19B900DDD92A /* Assets.xcassets in Resources */ = {isa = PBXBuildFile; fileRef = 29E3C5F71C8B19B900DDD92A /* Assets.xcassets */; };
		29E3C5FB1C8B19B900DDD92A /* LaunchScreen.storyboard in Resources */ = {isa = PBXBuildFile; fileRef = 29E3C5F91C8B19B900DDD92A /* LaunchScreen.storyboard */; };
		29E3C6061C8B19B900DDD92A /* findmeTests.swift in Sources */ = {isa = PBXBuildFile; fileRef = 29E3C6051C8B19B900DDD92A /* findmeTests.swift */; };
		BEF23BF55139BE6844CCB5EE /* Pods_findme.framework in Frameworks */ = {isa = PBXBuildFile; fileRef = 3C85E7EE193324D72BB8B90C /* Pods_findme.framework */; };
/* End PBXBuildFile section */

/* Begin PBXContainerItemProxy section */
		29E3C6021C8B19B900DDD92A /* PBXContainerItemProxy */ = {
			isa = PBXContainerItemProxy;
			containerPortal = 29E3C5E51C8B19B900DDD92A /* Project object */;
			proxyType = 1;
			remoteGlobalIDString = 29E3C5EC1C8B19B900DDD92A;
			remoteInfo = findme;
		};
/* End PBXContainerItemProxy section */

/* Begin PBXFileReference section */
		0340A4BB1CBE88A700A4984D /* User.swift */ = {isa = PBXFileReference; fileEncoding = 4; lastKnownFileType = sourcecode.swift; path = User.swift; sourceTree = "<group>"; };
		0376DA2F1CEF6B8700CCD5A4 /* PulseAnimation.swift */ = {isa = PBXFileReference; fileEncoding = 4; lastKnownFileType = sourcecode.swift; path = PulseAnimation.swift; sourceTree = "<group>"; };
		0376DA311CF0621800CCD5A4 /* FindMe_intro_00000.png */ = {isa = PBXFileReference; lastKnownFileType = image.png; path = FindMe_intro_00000.png; sourceTree = "<group>"; };
		0376DA321CF0621800CCD5A4 /* FindMe_intro_00001.png */ = {isa = PBXFileReference; lastKnownFileType = image.png; path = FindMe_intro_00001.png; sourceTree = "<group>"; };
		0376DA331CF0621800CCD5A4 /* FindMe_intro_00002.png */ = {isa = PBXFileReference; lastKnownFileType = image.png; path = FindMe_intro_00002.png; sourceTree = "<group>"; };
		0376DA341CF0621800CCD5A4 /* FindMe_intro_00003.png */ = {isa = PBXFileReference; lastKnownFileType = image.png; path = FindMe_intro_00003.png; sourceTree = "<group>"; };
		0376DA351CF0621800CCD5A4 /* FindMe_intro_00004.png */ = {isa = PBXFileReference; lastKnownFileType = image.png; path = FindMe_intro_00004.png; sourceTree = "<group>"; };
		0376DA361CF0621800CCD5A4 /* FindMe_intro_00005.png */ = {isa = PBXFileReference; lastKnownFileType = image.png; path = FindMe_intro_00005.png; sourceTree = "<group>"; };
		0376DA371CF0621800CCD5A4 /* FindMe_intro_00006.png */ = {isa = PBXFileReference; lastKnownFileType = image.png; path = FindMe_intro_00006.png; sourceTree = "<group>"; };
		0376DA381CF0621800CCD5A4 /* FindMe_intro_00007.png */ = {isa = PBXFileReference; lastKnownFileType = image.png; path = FindMe_intro_00007.png; sourceTree = "<group>"; };
		0376DA391CF0621800CCD5A4 /* FindMe_intro_00008.png */ = {isa = PBXFileReference; lastKnownFileType = image.png; path = FindMe_intro_00008.png; sourceTree = "<group>"; };
		0376DA3A1CF0621800CCD5A4 /* FindMe_intro_00009.png */ = {isa = PBXFileReference; lastKnownFileType = image.png; path = FindMe_intro_00009.png; sourceTree = "<group>"; };
		0376DA3B1CF0621800CCD5A4 /* FindMe_intro_00010.png */ = {isa = PBXFileReference; lastKnownFileType = image.png; path = FindMe_intro_00010.png; sourceTree = "<group>"; };
		0376DA3C1CF0621800CCD5A4 /* FindMe_intro_00011.png */ = {isa = PBXFileReference; lastKnownFileType = image.png; path = FindMe_intro_00011.png; sourceTree = "<group>"; };
		0376DA3D1CF0621800CCD5A4 /* FindMe_intro_00012.png */ = {isa = PBXFileReference; lastKnownFileType = image.png; path = FindMe_intro_00012.png; sourceTree = "<group>"; };
		0376DA3E1CF0621800CCD5A4 /* FindMe_intro_00013.png */ = {isa = PBXFileReference; lastKnownFileType = image.png; path = FindMe_intro_00013.png; sourceTree = "<group>"; };
		0376DA3F1CF0621800CCD5A4 /* FindMe_intro_00014.png */ = {isa = PBXFileReference; lastKnownFileType = image.png; path = FindMe_intro_00014.png; sourceTree = "<group>"; };
		0376DA401CF0621800CCD5A4 /* FindMe_intro_00015.png */ = {isa = PBXFileReference; lastKnownFileType = image.png; path = FindMe_intro_00015.png; sourceTree = "<group>"; };
		0376DA411CF0621800CCD5A4 /* FindMe_intro_00016.png */ = {isa = PBXFileReference; lastKnownFileType = image.png; path = FindMe_intro_00016.png; sourceTree = "<group>"; };
		0376DA421CF0621800CCD5A4 /* FindMe_intro_00017.png */ = {isa = PBXFileReference; lastKnownFileType = image.png; path = FindMe_intro_00017.png; sourceTree = "<group>"; };
		0376DA431CF0621800CCD5A4 /* FindMe_intro_00018.png */ = {isa = PBXFileReference; lastKnownFileType = image.png; path = FindMe_intro_00018.png; sourceTree = "<group>"; };
		0376DA441CF0621800CCD5A4 /* FindMe_intro_00019.png */ = {isa = PBXFileReference; lastKnownFileType = image.png; path = FindMe_intro_00019.png; sourceTree = "<group>"; };
		0376DA451CF0621800CCD5A4 /* FindMe_intro_00020.png */ = {isa = PBXFileReference; lastKnownFileType = image.png; path = FindMe_intro_00020.png; sourceTree = "<group>"; };
		0376DA461CF0621800CCD5A4 /* FindMe_intro_00021.png */ = {isa = PBXFileReference; lastKnownFileType = image.png; path = FindMe_intro_00021.png; sourceTree = "<group>"; };
		0376DA471CF0621800CCD5A4 /* FindMe_intro_00022.png */ = {isa = PBXFileReference; lastKnownFileType = image.png; path = FindMe_intro_00022.png; sourceTree = "<group>"; };
		0376DA481CF0621800CCD5A4 /* FindMe_intro_00023.png */ = {isa = PBXFileReference; lastKnownFileType = image.png; path = FindMe_intro_00023.png; sourceTree = "<group>"; };
		0376DA491CF0621800CCD5A4 /* FindMe_intro_00024.png */ = {isa = PBXFileReference; lastKnownFileType = image.png; path = FindMe_intro_00024.png; sourceTree = "<group>"; };
		0376DA4A1CF0621800CCD5A4 /* FindMe_intro_00025.png */ = {isa = PBXFileReference; lastKnownFileType = image.png; path = FindMe_intro_00025.png; sourceTree = "<group>"; };
		0376DA4B1CF0621800CCD5A4 /* FindMe_intro_00026.png */ = {isa = PBXFileReference; lastKnownFileType = image.png; path = FindMe_intro_00026.png; sourceTree = "<group>"; };
		0376DA4C1CF0621800CCD5A4 /* FindMe_intro_00027.png */ = {isa = PBXFileReference; lastKnownFileType = image.png; path = FindMe_intro_00027.png; sourceTree = "<group>"; };
		0376DA4D1CF0621800CCD5A4 /* FindMe_intro_00028.png */ = {isa = PBXFileReference; lastKnownFileType = image.png; path = FindMe_intro_00028.png; sourceTree = "<group>"; };
		0376DA4E1CF0621800CCD5A4 /* FindMe_intro_00029.png */ = {isa = PBXFileReference; lastKnownFileType = image.png; path = FindMe_intro_00029.png; sourceTree = "<group>"; };
		0376DA4F1CF0621800CCD5A4 /* FindMe_intro_00030.png */ = {isa = PBXFileReference; lastKnownFileType = image.png; path = FindMe_intro_00030.png; sourceTree = "<group>"; };
		0376DA501CF0621800CCD5A4 /* FindMe_intro_00031.png */ = {isa = PBXFileReference; lastKnownFileType = image.png; path = FindMe_intro_00031.png; sourceTree = "<group>"; };
		0376DA511CF0621800CCD5A4 /* FindMe_intro_00032.png */ = {isa = PBXFileReference; lastKnownFileType = image.png; path = FindMe_intro_00032.png; sourceTree = "<group>"; };
		0376DA521CF0621800CCD5A4 /* FindMe_intro_00033.png */ = {isa = PBXFileReference; lastKnownFileType = image.png; path = FindMe_intro_00033.png; sourceTree = "<group>"; };
		0376DA531CF0621800CCD5A4 /* FindMe_intro_00034.png */ = {isa = PBXFileReference; lastKnownFileType = image.png; path = FindMe_intro_00034.png; sourceTree = "<group>"; };
		0376DA541CF0621800CCD5A4 /* FindMe_intro_00035.png */ = {isa = PBXFileReference; lastKnownFileType = image.png; path = FindMe_intro_00035.png; sourceTree = "<group>"; };
		0376DA551CF0621800CCD5A4 /* FindMe_intro_00036.png */ = {isa = PBXFileReference; lastKnownFileType = image.png; path = FindMe_intro_00036.png; sourceTree = "<group>"; };
		0376DA561CF0621800CCD5A4 /* FindMe_intro_00037.png */ = {isa = PBXFileReference; lastKnownFileType = image.png; path = FindMe_intro_00037.png; sourceTree = "<group>"; };
		0376DA571CF0621800CCD5A4 /* FindMe_intro_00038.png */ = {isa = PBXFileReference; lastKnownFileType = image.png; path = FindMe_intro_00038.png; sourceTree = "<group>"; };
		0376DA581CF0621800CCD5A4 /* FindMe_intro_00039.png */ = {isa = PBXFileReference; lastKnownFileType = image.png; path = FindMe_intro_00039.png; sourceTree = "<group>"; };
		0376DA591CF0621800CCD5A4 /* FindMe_intro_00040.png */ = {isa = PBXFileReference; lastKnownFileType = image.png; path = FindMe_intro_00040.png; sourceTree = "<group>"; };
		0376DA5A1CF0621800CCD5A4 /* FindMe_intro_00041.png */ = {isa = PBXFileReference; lastKnownFileType = image.png; path = FindMe_intro_00041.png; sourceTree = "<group>"; };
		0376DA5B1CF0621800CCD5A4 /* FindMe_intro_00042.png */ = {isa = PBXFileReference; lastKnownFileType = image.png; path = FindMe_intro_00042.png; sourceTree = "<group>"; };
		0376DA5C1CF0621800CCD5A4 /* FindMe_intro_00043.png */ = {isa = PBXFileReference; lastKnownFileType = image.png; path = FindMe_intro_00043.png; sourceTree = "<group>"; };
		0376DA5D1CF0621800CCD5A4 /* FindMe_intro_00044.png */ = {isa = PBXFileReference; lastKnownFileType = image.png; path = FindMe_intro_00044.png; sourceTree = "<group>"; };
		0376DA5E1CF0621800CCD5A4 /* FindMe_intro_00045.png */ = {isa = PBXFileReference; lastKnownFileType = image.png; path = FindMe_intro_00045.png; sourceTree = "<group>"; };
		0376DA5F1CF0621800CCD5A4 /* FindMe_intro_00046.png */ = {isa = PBXFileReference; lastKnownFileType = image.png; path = FindMe_intro_00046.png; sourceTree = "<group>"; };
		0376DA601CF0621800CCD5A4 /* FindMe_intro_00047.png */ = {isa = PBXFileReference; lastKnownFileType = image.png; path = FindMe_intro_00047.png; sourceTree = "<group>"; };
		0376DA611CF0621800CCD5A4 /* FindMe_intro_00048.png */ = {isa = PBXFileReference; lastKnownFileType = image.png; path = FindMe_intro_00048.png; sourceTree = "<group>"; };
		0376DA621CF0621800CCD5A4 /* FindMe_intro_00049.png */ = {isa = PBXFileReference; lastKnownFileType = image.png; path = FindMe_intro_00049.png; sourceTree = "<group>"; };
		0376DA631CF0621800CCD5A4 /* FindMe_intro_00050.png */ = {isa = PBXFileReference; lastKnownFileType = image.png; path = FindMe_intro_00050.png; sourceTree = "<group>"; };
		0376DA641CF0621800CCD5A4 /* FindMe_intro_00051.png */ = {isa = PBXFileReference; lastKnownFileType = image.png; path = FindMe_intro_00051.png; sourceTree = "<group>"; };
		0376DA651CF0621800CCD5A4 /* FindMe_intro_00052.png */ = {isa = PBXFileReference; lastKnownFileType = image.png; path = FindMe_intro_00052.png; sourceTree = "<group>"; };
		0376DA661CF0621800CCD5A4 /* FindMe_intro_00053.png */ = {isa = PBXFileReference; lastKnownFileType = image.png; path = FindMe_intro_00053.png; sourceTree = "<group>"; };
		0376DA671CF0621800CCD5A4 /* FindMe_intro_00054.png */ = {isa = PBXFileReference; lastKnownFileType = image.png; path = FindMe_intro_00054.png; sourceTree = "<group>"; };
		0376DA681CF0621800CCD5A4 /* FindMe_intro_00055.png */ = {isa = PBXFileReference; lastKnownFileType = image.png; path = FindMe_intro_00055.png; sourceTree = "<group>"; };
		0376DA691CF0621800CCD5A4 /* FindMe_intro_00056.png */ = {isa = PBXFileReference; lastKnownFileType = image.png; path = FindMe_intro_00056.png; sourceTree = "<group>"; };
		0376DA6A1CF0621800CCD5A4 /* FindMe_intro_00057.png */ = {isa = PBXFileReference; lastKnownFileType = image.png; path = FindMe_intro_00057.png; sourceTree = "<group>"; };
		0376DA6B1CF0621800CCD5A4 /* FindMe_intro_00058.png */ = {isa = PBXFileReference; lastKnownFileType = image.png; path = FindMe_intro_00058.png; sourceTree = "<group>"; };
		0376DA6C1CF0621800CCD5A4 /* FindMe_intro_00059.png */ = {isa = PBXFileReference; lastKnownFileType = image.png; path = FindMe_intro_00059.png; sourceTree = "<group>"; };
		0376DA6D1CF0621800CCD5A4 /* FindMe_intro_00060.png */ = {isa = PBXFileReference; lastKnownFileType = image.png; path = FindMe_intro_00060.png; sourceTree = "<group>"; };
		0376DA6E1CF0621800CCD5A4 /* FindMe_intro_00061.png */ = {isa = PBXFileReference; lastKnownFileType = image.png; path = FindMe_intro_00061.png; sourceTree = "<group>"; };
		0376DA6F1CF0621800CCD5A4 /* FindMe_intro_00062.png */ = {isa = PBXFileReference; lastKnownFileType = image.png; path = FindMe_intro_00062.png; sourceTree = "<group>"; };
		0376DA701CF0621800CCD5A4 /* FindMe_intro_00063.png */ = {isa = PBXFileReference; lastKnownFileType = image.png; path = FindMe_intro_00063.png; sourceTree = "<group>"; };
		0376DA711CF0621800CCD5A4 /* FindMe_intro_00064.png */ = {isa = PBXFileReference; lastKnownFileType = image.png; path = FindMe_intro_00064.png; sourceTree = "<group>"; };
		0376DA721CF0621800CCD5A4 /* FindMe_intro_00065.png */ = {isa = PBXFileReference; lastKnownFileType = image.png; path = FindMe_intro_00065.png; sourceTree = "<group>"; };
		0376DA731CF0621800CCD5A4 /* FindMe_intro_00066.png */ = {isa = PBXFileReference; lastKnownFileType = image.png; path = FindMe_intro_00066.png; sourceTree = "<group>"; };
		0376DA741CF0621800CCD5A4 /* FindMe_intro_00067.png */ = {isa = PBXFileReference; lastKnownFileType = image.png; path = FindMe_intro_00067.png; sourceTree = "<group>"; };
		0376DA751CF0621800CCD5A4 /* FindMe_intro_00068.png */ = {isa = PBXFileReference; lastKnownFileType = image.png; path = FindMe_intro_00068.png; sourceTree = "<group>"; };
		0376DA761CF0621800CCD5A4 /* FindMe_intro_00069.png */ = {isa = PBXFileReference; lastKnownFileType = image.png; path = FindMe_intro_00069.png; sourceTree = "<group>"; };
		0376F73C1C9809350023C0A7 /* Enum.swift */ = {isa = PBXFileReference; fileEncoding = 4; lastKnownFileType = sourcecode.swift; path = Enum.swift; sourceTree = "<group>"; };
		0376F73D1C9809350023C0A7 /* FontAwesome.otf */ = {isa = PBXFileReference; lastKnownFileType = file; path = FontAwesome.otf; sourceTree = "<group>"; };
		0376F73E1C9809350023C0A7 /* FontAwesome.h */ = {isa = PBXFileReference; fileEncoding = 4; lastKnownFileType = sourcecode.c.h; path = FontAwesome.h; sourceTree = "<group>"; };
		0376F73F1C9809350023C0A7 /* FontAwesome.swift */ = {isa = PBXFileReference; fileEncoding = 4; lastKnownFileType = sourcecode.swift; path = FontAwesome.swift; sourceTree = "<group>"; };
		03B27FE31C99F86700D744DA /* UserAnnotation.swift */ = {isa = PBXFileReference; fileEncoding = 4; lastKnownFileType = sourcecode.swift; path = UserAnnotation.swift; sourceTree = "<group>"; };
		03B27FE51C99FE5400D744DA /* ParamViewController.swift */ = {isa = PBXFileReference; fileEncoding = 4; lastKnownFileType = sourcecode.swift; path = ParamViewController.swift; sourceTree = "<group>"; };
		03B27FE71C9A018600D744DA /* ContactViewController.swift */ = {isa = PBXFileReference; fileEncoding = 4; lastKnownFileType = sourcecode.swift; path = ContactViewController.swift; sourceTree = "<group>"; };
		03B27FE91C9A2BF900D744DA /* UserAnnotationView.swift */ = {isa = PBXFileReference; fileEncoding = 4; lastKnownFileType = sourcecode.swift; path = UserAnnotationView.swift; sourceTree = "<group>"; };
		03B27FEB1C9AE3F000D744DA /* Users.swift */ = {isa = PBXFileReference; fileEncoding = 4; lastKnownFileType = sourcecode.swift; path = Users.swift; sourceTree = "<group>"; };
		03CF68FD1C97491400194684 /* umpc.gpx */ = {isa = PBXFileReference; fileEncoding = 4; lastKnownFileType = text.xml; path = umpc.gpx; sourceTree = "<group>"; };
		292D66801C9AA92100BE0DEC /* LoginViewController.swift */ = {isa = PBXFileReference; fileEncoding = 4; lastKnownFileType = sourcecode.swift; path = LoginViewController.swift; sourceTree = "<group>"; };
		292D66821C9AA99B00BE0DEC /* RegisterViewController.swift */ = {isa = PBXFileReference; fileEncoding = 4; lastKnownFileType = sourcecode.swift; path = RegisterViewController.swift; sourceTree = "<group>"; };
		292D66861C9ABDA800BE0DEC /* ConnectionSettings.swift */ = {isa = PBXFileReference; fileEncoding = 4; lastKnownFileType = sourcecode.swift; path = ConnectionSettings.swift; sourceTree = "<group>"; };
		295635711CDB7A20007F3DE9 /* WSConnection.swift */ = {isa = PBXFileReference; fileEncoding = 4; lastKnownFileType = sourcecode.swift; path = WSConnection.swift; sourceTree = "<group>"; };
		297D04FB1CDA2B6B0012E149 /* AboutViewController.swift */ = {isa = PBXFileReference; fileEncoding = 4; lastKnownFileType = sourcecode.swift; path = AboutViewController.swift; sourceTree = "<group>"; };
		29C3EC9B1CE31C0E00F613C1 /* WSService.swift */ = {isa = PBXFileReference; fileEncoding = 4; lastKnownFileType = sourcecode.swift; name = WSService.swift; path = ../WSService.swift; sourceTree = "<group>"; };
		29E3C5ED1C8B19B900DDD92A /* findme.app */ = {isa = PBXFileReference; explicitFileType = wrapper.application; includeInIndex = 0; path = findme.app; sourceTree = BUILT_PRODUCTS_DIR; };
		29E3C5F01C8B19B900DDD92A /* AppDelegate.swift */ = {isa = PBXFileReference; lastKnownFileType = sourcecode.swift; path = AppDelegate.swift; sourceTree = "<group>"; };
		29E3C5F21C8B19B900DDD92A /* MapViewController.swift */ = {isa = PBXFileReference; lastKnownFileType = sourcecode.swift; path = MapViewController.swift; sourceTree = "<group>"; };
		29E3C5F51C8B19B900DDD92A /* Base */ = {isa = PBXFileReference; lastKnownFileType = file.storyboard; name = Base; path = Base.lproj/Main.storyboard; sourceTree = "<group>"; };
		29E3C5F71C8B19B900DDD92A /* Assets.xcassets */ = {isa = PBXFileReference; lastKnownFileType = folder.assetcatalog; path = Assets.xcassets; sourceTree = "<group>"; };
		29E3C5FA1C8B19B900DDD92A /* Base */ = {isa = PBXFileReference; lastKnownFileType = file.storyboard; name = Base; path = Base.lproj/LaunchScreen.storyboard; sourceTree = "<group>"; };
		29E3C5FC1C8B19B900DDD92A /* Info.plist */ = {isa = PBXFileReference; lastKnownFileType = text.plist.xml; path = Info.plist; sourceTree = "<group>"; };
		29E3C6011C8B19B900DDD92A /* findmeTests.xctest */ = {isa = PBXFileReference; explicitFileType = wrapper.cfbundle; includeInIndex = 0; path = findmeTests.xctest; sourceTree = BUILT_PRODUCTS_DIR; };
		29E3C6051C8B19B900DDD92A /* findmeTests.swift */ = {isa = PBXFileReference; lastKnownFileType = sourcecode.swift; path = findmeTests.swift; sourceTree = "<group>"; };
		29E3C6071C8B19B900DDD92A /* Info.plist */ = {isa = PBXFileReference; lastKnownFileType = text.plist.xml; path = Info.plist; sourceTree = "<group>"; };
		3C85E7EE193324D72BB8B90C /* Pods_findme.framework */ = {isa = PBXFileReference; explicitFileType = wrapper.framework; includeInIndex = 0; path = Pods_findme.framework; sourceTree = BUILT_PRODUCTS_DIR; };
		83ADE859CB586A483D36AE23 /* Pods_findmeTests.framework */ = {isa = PBXFileReference; explicitFileType = wrapper.framework; includeInIndex = 0; path = Pods_findmeTests.framework; sourceTree = BUILT_PRODUCTS_DIR; };
		9B9CBB78F6E833E8ACA030A3 /* Pods-findme.debug.xcconfig */ = {isa = PBXFileReference; includeInIndex = 1; lastKnownFileType = text.xcconfig; name = "Pods-findme.debug.xcconfig"; path = "Pods/Target Support Files/Pods-findme/Pods-findme.debug.xcconfig"; sourceTree = "<group>"; };
		A629CCAD56C2752C3DC755D6 /* Pods-findmeTests.debug.xcconfig */ = {isa = PBXFileReference; includeInIndex = 1; lastKnownFileType = text.xcconfig; name = "Pods-findmeTests.debug.xcconfig"; path = "Pods/Target Support Files/Pods-findmeTests/Pods-findmeTests.debug.xcconfig"; sourceTree = "<group>"; };
		AB008B91A044316AECEF39FA /* Pods-findme.release.xcconfig */ = {isa = PBXFileReference; includeInIndex = 1; lastKnownFileType = text.xcconfig; name = "Pods-findme.release.xcconfig"; path = "Pods/Target Support Files/Pods-findme/Pods-findme.release.xcconfig"; sourceTree = "<group>"; };
		AC81916FCF2F81FA9E09FBC8 /* Pods-findmeTests.release.xcconfig */ = {isa = PBXFileReference; includeInIndex = 1; lastKnownFileType = text.xcconfig; name = "Pods-findmeTests.release.xcconfig"; path = "Pods/Target Support Files/Pods-findmeTests/Pods-findmeTests.release.xcconfig"; sourceTree = "<group>"; };
/* End PBXFileReference section */

/* Begin PBXFrameworksBuildPhase section */
		29E3C5EA1C8B19B900DDD92A /* Frameworks */ = {
			isa = PBXFrameworksBuildPhase;
			buildActionMask = 2147483647;
			files = (
				BEF23BF55139BE6844CCB5EE /* Pods_findme.framework in Frameworks */,
			);
			runOnlyForDeploymentPostprocessing = 0;
		};
		29E3C5FE1C8B19B900DDD92A /* Frameworks */ = {
			isa = PBXFrameworksBuildPhase;
			buildActionMask = 2147483647;
			files = (
				27E25A12ADAECA0C8D3D46BB /* Pods_findmeTests.framework in Frameworks */,
			);
			runOnlyForDeploymentPostprocessing = 0;
		};
/* End PBXFrameworksBuildPhase section */

/* Begin PBXGroup section */
		035FA8F51CEE143A006991B6 /* Supporting Files */ = {
			isa = PBXGroup;
			children = (
				036D9E6C1CEE19F500B76278 /* login animation */,
			);
			name = "Supporting Files";
			sourceTree = "<group>";
		};
		036D9E6C1CEE19F500B76278 /* login animation */ = {
			isa = PBXGroup;
			children = (
				0376DA311CF0621800CCD5A4 /* FindMe_intro_00000.png */,
				0376DA321CF0621800CCD5A4 /* FindMe_intro_00001.png */,
				0376DA331CF0621800CCD5A4 /* FindMe_intro_00002.png */,
				0376DA341CF0621800CCD5A4 /* FindMe_intro_00003.png */,
				0376DA351CF0621800CCD5A4 /* FindMe_intro_00004.png */,
				0376DA361CF0621800CCD5A4 /* FindMe_intro_00005.png */,
				0376DA371CF0621800CCD5A4 /* FindMe_intro_00006.png */,
				0376DA381CF0621800CCD5A4 /* FindMe_intro_00007.png */,
				0376DA391CF0621800CCD5A4 /* FindMe_intro_00008.png */,
				0376DA3A1CF0621800CCD5A4 /* FindMe_intro_00009.png */,
				0376DA3B1CF0621800CCD5A4 /* FindMe_intro_00010.png */,
				0376DA3C1CF0621800CCD5A4 /* FindMe_intro_00011.png */,
				0376DA3D1CF0621800CCD5A4 /* FindMe_intro_00012.png */,
				0376DA3E1CF0621800CCD5A4 /* FindMe_intro_00013.png */,
				0376DA3F1CF0621800CCD5A4 /* FindMe_intro_00014.png */,
				0376DA401CF0621800CCD5A4 /* FindMe_intro_00015.png */,
				0376DA411CF0621800CCD5A4 /* FindMe_intro_00016.png */,
				0376DA421CF0621800CCD5A4 /* FindMe_intro_00017.png */,
				0376DA431CF0621800CCD5A4 /* FindMe_intro_00018.png */,
				0376DA441CF0621800CCD5A4 /* FindMe_intro_00019.png */,
				0376DA451CF0621800CCD5A4 /* FindMe_intro_00020.png */,
				0376DA461CF0621800CCD5A4 /* FindMe_intro_00021.png */,
				0376DA471CF0621800CCD5A4 /* FindMe_intro_00022.png */,
				0376DA481CF0621800CCD5A4 /* FindMe_intro_00023.png */,
				0376DA491CF0621800CCD5A4 /* FindMe_intro_00024.png */,
				0376DA4A1CF0621800CCD5A4 /* FindMe_intro_00025.png */,
				0376DA4B1CF0621800CCD5A4 /* FindMe_intro_00026.png */,
				0376DA4C1CF0621800CCD5A4 /* FindMe_intro_00027.png */,
				0376DA4D1CF0621800CCD5A4 /* FindMe_intro_00028.png */,
				0376DA4E1CF0621800CCD5A4 /* FindMe_intro_00029.png */,
				0376DA4F1CF0621800CCD5A4 /* FindMe_intro_00030.png */,
				0376DA501CF0621800CCD5A4 /* FindMe_intro_00031.png */,
				0376DA511CF0621800CCD5A4 /* FindMe_intro_00032.png */,
				0376DA521CF0621800CCD5A4 /* FindMe_intro_00033.png */,
				0376DA531CF0621800CCD5A4 /* FindMe_intro_00034.png */,
				0376DA541CF0621800CCD5A4 /* FindMe_intro_00035.png */,
				0376DA551CF0621800CCD5A4 /* FindMe_intro_00036.png */,
				0376DA561CF0621800CCD5A4 /* FindMe_intro_00037.png */,
				0376DA571CF0621800CCD5A4 /* FindMe_intro_00038.png */,
				0376DA581CF0621800CCD5A4 /* FindMe_intro_00039.png */,
				0376DA591CF0621800CCD5A4 /* FindMe_intro_00040.png */,
				0376DA5A1CF0621800CCD5A4 /* FindMe_intro_00041.png */,
				0376DA5B1CF0621800CCD5A4 /* FindMe_intro_00042.png */,
				0376DA5C1CF0621800CCD5A4 /* FindMe_intro_00043.png */,
				0376DA5D1CF0621800CCD5A4 /* FindMe_intro_00044.png */,
				0376DA5E1CF0621800CCD5A4 /* FindMe_intro_00045.png */,
				0376DA5F1CF0621800CCD5A4 /* FindMe_intro_00046.png */,
				0376DA601CF0621800CCD5A4 /* FindMe_intro_00047.png */,
				0376DA611CF0621800CCD5A4 /* FindMe_intro_00048.png */,
				0376DA621CF0621800CCD5A4 /* FindMe_intro_00049.png */,
				0376DA631CF0621800CCD5A4 /* FindMe_intro_00050.png */,
				0376DA641CF0621800CCD5A4 /* FindMe_intro_00051.png */,
				0376DA651CF0621800CCD5A4 /* FindMe_intro_00052.png */,
				0376DA661CF0621800CCD5A4 /* FindMe_intro_00053.png */,
				0376DA671CF0621800CCD5A4 /* FindMe_intro_00054.png */,
				0376DA681CF0621800CCD5A4 /* FindMe_intro_00055.png */,
				0376DA691CF0621800CCD5A4 /* FindMe_intro_00056.png */,
				0376DA6A1CF0621800CCD5A4 /* FindMe_intro_00057.png */,
				0376DA6B1CF0621800CCD5A4 /* FindMe_intro_00058.png */,
				0376DA6C1CF0621800CCD5A4 /* FindMe_intro_00059.png */,
				0376DA6D1CF0621800CCD5A4 /* FindMe_intro_00060.png */,
				0376DA6E1CF0621800CCD5A4 /* FindMe_intro_00061.png */,
				0376DA6F1CF0621800CCD5A4 /* FindMe_intro_00062.png */,
				0376DA701CF0621800CCD5A4 /* FindMe_intro_00063.png */,
				0376DA711CF0621800CCD5A4 /* FindMe_intro_00064.png */,
				0376DA721CF0621800CCD5A4 /* FindMe_intro_00065.png */,
				0376DA731CF0621800CCD5A4 /* FindMe_intro_00066.png */,
				0376DA741CF0621800CCD5A4 /* FindMe_intro_00067.png */,
				0376DA751CF0621800CCD5A4 /* FindMe_intro_00068.png */,
				0376DA761CF0621800CCD5A4 /* FindMe_intro_00069.png */,
			);
			name = "login animation";
			sourceTree = "<group>";
		};
		0376F73B1C9808DB0023C0A7 /* Font Awesome */ = {
			isa = PBXGroup;
			children = (
				0376F73C1C9809350023C0A7 /* Enum.swift */,
				0376F73D1C9809350023C0A7 /* FontAwesome.otf */,
				0376F73E1C9809350023C0A7 /* FontAwesome.h */,
				0376F73F1C9809350023C0A7 /* FontAwesome.swift */,
			);
			name = "Font Awesome";
			sourceTree = "<group>";
		};
		29E3C5E41C8B19B900DDD92A = {
			isa = PBXGroup;
			children = (
				03CF68FD1C97491400194684 /* umpc.gpx */,
				29E3C5EF1C8B19B900DDD92A /* findme */,
				29E3C6041C8B19B900DDD92A /* findmeTests */,
				29E3C5EE1C8B19B900DDD92A /* Products */,
				E14EC0CF6B71E1EE123A8C71 /* Pods */,
				CAD5736B5CBB3B7C5CA01CD9 /* Frameworks */,
			);
			sourceTree = "<group>";
		};
		29E3C5EE1C8B19B900DDD92A /* Products */ = {
			isa = PBXGroup;
			children = (
				29E3C5ED1C8B19B900DDD92A /* findme.app */,
				29E3C6011C8B19B900DDD92A /* findmeTests.xctest */,
			);
			name = Products;
			sourceTree = "<group>";
		};
		29E3C5EF1C8B19B900DDD92A /* findme */ = {
			isa = PBXGroup;
			children = (
				0376F73B1C9808DB0023C0A7 /* Font Awesome */,
				29E3C5F01C8B19B900DDD92A /* AppDelegate.swift */,
				29E3C5F21C8B19B900DDD92A /* MapViewController.swift */,
				03B27FE51C99FE5400D744DA /* ParamViewController.swift */,
				03B27FE71C9A018600D744DA /* ContactViewController.swift */,
				03B27FE31C99F86700D744DA /* UserAnnotation.swift */,
				29E3C5F41C8B19B900DDD92A /* Main.storyboard */,
				29E3C5F71C8B19B900DDD92A /* Assets.xcassets */,
				29E3C5F91C8B19B900DDD92A /* LaunchScreen.storyboard */,
				29E3C5FC1C8B19B900DDD92A /* Info.plist */,
				292D66801C9AA92100BE0DEC /* LoginViewController.swift */,
				292D66821C9AA99B00BE0DEC /* RegisterViewController.swift */,
				292D66861C9ABDA800BE0DEC /* ConnectionSettings.swift */,
				03B27FE91C9A2BF900D744DA /* UserAnnotationView.swift */,
				03B27FEB1C9AE3F000D744DA /* Users.swift */,
				0340A4BB1CBE88A700A4984D /* User.swift */,
				297D04FB1CDA2B6B0012E149 /* AboutViewController.swift */,
				295635711CDB7A20007F3DE9 /* WSConnection.swift */,
				29C3EC9B1CE31C0E00F613C1 /* WSService.swift */,
				0376DA2F1CEF6B8700CCD5A4 /* PulseAnimation.swift */,
				035FA8F51CEE143A006991B6 /* Supporting Files */,
			);
			path = findme;
			sourceTree = "<group>";
		};
		29E3C6041C8B19B900DDD92A /* findmeTests */ = {
			isa = PBXGroup;
			children = (
				29E3C6051C8B19B900DDD92A /* findmeTests.swift */,
				29E3C6071C8B19B900DDD92A /* Info.plist */,
			);
			path = findmeTests;
			sourceTree = "<group>";
		};
		CAD5736B5CBB3B7C5CA01CD9 /* Frameworks */ = {
			isa = PBXGroup;
			children = (
				3C85E7EE193324D72BB8B90C /* Pods_findme.framework */,
				83ADE859CB586A483D36AE23 /* Pods_findmeTests.framework */,
			);
			name = Frameworks;
			sourceTree = "<group>";
		};
		E14EC0CF6B71E1EE123A8C71 /* Pods */ = {
			isa = PBXGroup;
			children = (
				9B9CBB78F6E833E8ACA030A3 /* Pods-findme.debug.xcconfig */,
				AB008B91A044316AECEF39FA /* Pods-findme.release.xcconfig */,
				A629CCAD56C2752C3DC755D6 /* Pods-findmeTests.debug.xcconfig */,
				AC81916FCF2F81FA9E09FBC8 /* Pods-findmeTests.release.xcconfig */,
			);
			name = Pods;
			sourceTree = "<group>";
		};
/* End PBXGroup section */

/* Begin PBXNativeTarget section */
		29E3C5EC1C8B19B900DDD92A /* findme */ = {
			isa = PBXNativeTarget;
			buildConfigurationList = 29E3C60A1C8B19B900DDD92A /* Build configuration list for PBXNativeTarget "findme" */;
			buildPhases = (
				ACF4626886EEDFE8074E7CCB /* 📦 Check Pods Manifest.lock */,
				29E3C5E91C8B19B900DDD92A /* Sources */,
				29E3C5EA1C8B19B900DDD92A /* Frameworks */,
				29E3C5EB1C8B19B900DDD92A /* Resources */,
				780B9660ADE53449584F208D /* 📦 Embed Pods Frameworks */,
				F5650830874FAEC96C087547 /* 📦 Copy Pods Resources */,
			);
			buildRules = (
			);
			dependencies = (
			);
			name = findme;
			productName = findme;
			productReference = 29E3C5ED1C8B19B900DDD92A /* findme.app */;
			productType = "com.apple.product-type.application";
		};
		29E3C6001C8B19B900DDD92A /* findmeTests */ = {
			isa = PBXNativeTarget;
			buildConfigurationList = 29E3C60D1C8B19B900DDD92A /* Build configuration list for PBXNativeTarget "findmeTests" */;
			buildPhases = (
				DCD2324680E3BD8E5BF38FE5 /* 📦 Check Pods Manifest.lock */,
				29E3C5FD1C8B19B900DDD92A /* Sources */,
				29E3C5FE1C8B19B900DDD92A /* Frameworks */,
				29E3C5FF1C8B19B900DDD92A /* Resources */,
				3D12D5D552F0459A02BEE2B3 /* 📦 Embed Pods Frameworks */,
				032E4B46CEA6BB27F1B1695C /* 📦 Copy Pods Resources */,
			);
			buildRules = (
			);
			dependencies = (
				29E3C6031C8B19B900DDD92A /* PBXTargetDependency */,
			);
			name = findmeTests;
			productName = findmeTests;
			productReference = 29E3C6011C8B19B900DDD92A /* findmeTests.xctest */;
			productType = "com.apple.product-type.bundle.unit-test";
		};
/* End PBXNativeTarget section */

/* Begin PBXProject section */
		29E3C5E51C8B19B900DDD92A /* Project object */ = {
			isa = PBXProject;
			attributes = {
				LastSwiftUpdateCheck = 0720;
				LastUpgradeCheck = 0720;
				ORGANIZATIONNAME = "Maxime Signoret";
				TargetAttributes = {
					29E3C5EC1C8B19B900DDD92A = {
						CreatedOnToolsVersion = 7.2.1;
						DevelopmentTeam = 4ZSG7LC9DZ;
					};
					29E3C6001C8B19B900DDD92A = {
						CreatedOnToolsVersion = 7.2.1;
						TestTargetID = 29E3C5EC1C8B19B900DDD92A;
					};
				};
			};
			buildConfigurationList = 29E3C5E81C8B19B900DDD92A /* Build configuration list for PBXProject "findme" */;
			compatibilityVersion = "Xcode 3.2";
			developmentRegion = English;
			hasScannedForEncodings = 0;
			knownRegions = (
				en,
				Base,
			);
			mainGroup = 29E3C5E41C8B19B900DDD92A;
			productRefGroup = 29E3C5EE1C8B19B900DDD92A /* Products */;
			projectDirPath = "";
			projectRoot = "";
			targets = (
				29E3C5EC1C8B19B900DDD92A /* findme */,
				29E3C6001C8B19B900DDD92A /* findmeTests */,
			);
		};
/* End PBXProject section */

/* Begin PBXResourcesBuildPhase section */
		29E3C5EB1C8B19B900DDD92A /* Resources */ = {
			isa = PBXResourcesBuildPhase;
			buildActionMask = 2147483647;
			files = (
				0376DAAB1CF0621800CCD5A4 /* FindMe_intro_00052.png in Resources */,
				0376DA9D1CF0621800CCD5A4 /* FindMe_intro_00038.png in Resources */,
				0376DA901CF0621800CCD5A4 /* FindMe_intro_00025.png in Resources */,
				0376DABB1CF0621800CCD5A4 /* FindMe_intro_00068.png in Resources */,
				0376DA9C1CF0621800CCD5A4 /* FindMe_intro_00037.png in Resources */,
				0376DA961CF0621800CCD5A4 /* FindMe_intro_00031.png in Resources */,
				0376DA821CF0621800CCD5A4 /* FindMe_intro_00011.png in Resources */,
				0376DA7C1CF0621800CCD5A4 /* FindMe_intro_00005.png in Resources */,
				0376DAA31CF0621800CCD5A4 /* FindMe_intro_00044.png in Resources */,
				0376DAB01CF0621800CCD5A4 /* FindMe_intro_00057.png in Resources */,
				0376DA931CF0621800CCD5A4 /* FindMe_intro_00028.png in Resources */,
				0376DAA91CF0621800CCD5A4 /* FindMe_intro_00050.png in Resources */,
				0376DA831CF0621800CCD5A4 /* FindMe_intro_00012.png in Resources */,
				0376DA991CF0621800CCD5A4 /* FindMe_intro_00034.png in Resources */,
				0376DAAA1CF0621800CCD5A4 /* FindMe_intro_00051.png in Resources */,
				0376DAB51CF0621800CCD5A4 /* FindMe_intro_00062.png in Resources */,
				0376DA771CF0621800CCD5A4 /* FindMe_intro_00000.png in Resources */,
				0376DAA51CF0621800CCD5A4 /* FindMe_intro_00046.png in Resources */,
				29E3C5FB1C8B19B900DDD92A /* LaunchScreen.storyboard in Resources */,
				0376DABA1CF0621800CCD5A4 /* FindMe_intro_00067.png in Resources */,
				0376DA851CF0621800CCD5A4 /* FindMe_intro_00014.png in Resources */,
				0376DAB31CF0621800CCD5A4 /* FindMe_intro_00060.png in Resources */,
				0376DAA81CF0621800CCD5A4 /* FindMe_intro_00049.png in Resources */,
				0376DAB71CF0621800CCD5A4 /* FindMe_intro_00064.png in Resources */,
				0376DA9E1CF0621800CCD5A4 /* FindMe_intro_00039.png in Resources */,
				0376F7411C9809350023C0A7 /* FontAwesome.otf in Resources */,
				0376DA8C1CF0621800CCD5A4 /* FindMe_intro_00021.png in Resources */,
				0376DA871CF0621800CCD5A4 /* FindMe_intro_00016.png in Resources */,
				0376DA8D1CF0621800CCD5A4 /* FindMe_intro_00022.png in Resources */,
				0376DA891CF0621800CCD5A4 /* FindMe_intro_00018.png in Resources */,
				0376DA7B1CF0621800CCD5A4 /* FindMe_intro_00004.png in Resources */,
				0376DA921CF0621800CCD5A4 /* FindMe_intro_00027.png in Resources */,
				0376DA7E1CF0621800CCD5A4 /* FindMe_intro_00007.png in Resources */,
				0376DA9B1CF0621800CCD5A4 /* FindMe_intro_00036.png in Resources */,
				0376DA8B1CF0621800CCD5A4 /* FindMe_intro_00020.png in Resources */,
				0376DA861CF0621800CCD5A4 /* FindMe_intro_00015.png in Resources */,
				0376DAB41CF0621800CCD5A4 /* FindMe_intro_00061.png in Resources */,
				0376DA8A1CF0621800CCD5A4 /* FindMe_intro_00019.png in Resources */,
				0376DA911CF0621800CCD5A4 /* FindMe_intro_00026.png in Resources */,
				0376DAAF1CF0621800CCD5A4 /* FindMe_intro_00056.png in Resources */,
				0376DABC1CF0621800CCD5A4 /* FindMe_intro_00069.png in Resources */,
				0376DA7A1CF0621800CCD5A4 /* FindMe_intro_00003.png in Resources */,
				0376DAA41CF0621800CCD5A4 /* FindMe_intro_00045.png in Resources */,
				0376DAAC1CF0621800CCD5A4 /* FindMe_intro_00053.png in Resources */,
				0376DAA71CF0621800CCD5A4 /* FindMe_intro_00048.png in Resources */,
				0376DA881CF0621800CCD5A4 /* FindMe_intro_00017.png in Resources */,
				0376DA971CF0621800CCD5A4 /* FindMe_intro_00032.png in Resources */,
				0376DA8F1CF0621800CCD5A4 /* FindMe_intro_00024.png in Resources */,
				0376DA811CF0621800CCD5A4 /* FindMe_intro_00010.png in Resources */,
				0376DA781CF0621800CCD5A4 /* FindMe_intro_00001.png in Resources */,
				0376DAB21CF0621800CCD5A4 /* FindMe_intro_00059.png in Resources */,
				0376DAA61CF0621800CCD5A4 /* FindMe_intro_00047.png in Resources */,
				0376DAB81CF0621800CCD5A4 /* FindMe_intro_00065.png in Resources */,
				0376DA801CF0621800CCD5A4 /* FindMe_intro_00009.png in Resources */,
				0376DAB11CF0621800CCD5A4 /* FindMe_intro_00058.png in Resources */,
				0376DAB61CF0621800CCD5A4 /* FindMe_intro_00063.png in Resources */,
				0376DA941CF0621800CCD5A4 /* FindMe_intro_00029.png in Resources */,
				0376DA8E1CF0621800CCD5A4 /* FindMe_intro_00023.png in Resources */,
				0376DAB91CF0621800CCD5A4 /* FindMe_intro_00066.png in Resources */,
				03CF68FE1C97491400194684 /* umpc.gpx in Resources */,
				0376DAA11CF0621800CCD5A4 /* FindMe_intro_00042.png in Resources */,
				0376DA7D1CF0621800CCD5A4 /* FindMe_intro_00006.png in Resources */,
				29E3C5F81C8B19B900DDD92A /* Assets.xcassets in Resources */,
				29E3C5F61C8B19B900DDD92A /* Main.storyboard in Resources */,
				0376DAA01CF0621800CCD5A4 /* FindMe_intro_00041.png in Resources */,
				0376DA9F1CF0621800CCD5A4 /* FindMe_intro_00040.png in Resources */,
				0376DA951CF0621800CCD5A4 /* FindMe_intro_00030.png in Resources */,
				0376DA791CF0621800CCD5A4 /* FindMe_intro_00002.png in Resources */,
				0376DAAD1CF0621800CCD5A4 /* FindMe_intro_00054.png in Resources */,
				0376DA841CF0621800CCD5A4 /* FindMe_intro_00013.png in Resources */,
				0376DAAE1CF0621800CCD5A4 /* FindMe_intro_00055.png in Resources */,
				0376DAA21CF0621800CCD5A4 /* FindMe_intro_00043.png in Resources */,
				0376DA981CF0621800CCD5A4 /* FindMe_intro_00033.png in Resources */,
				0376DA9A1CF0621800CCD5A4 /* FindMe_intro_00035.png in Resources */,
				0376DA7F1CF0621800CCD5A4 /* FindMe_intro_00008.png in Resources */,
			);
			runOnlyForDeploymentPostprocessing = 0;
		};
		29E3C5FF1C8B19B900DDD92A /* Resources */ = {
			isa = PBXResourcesBuildPhase;
			buildActionMask = 2147483647;
			files = (
			);
			runOnlyForDeploymentPostprocessing = 0;
		};
/* End PBXResourcesBuildPhase section */

/* Begin PBXShellScriptBuildPhase section */
		032E4B46CEA6BB27F1B1695C /* 📦 Copy Pods Resources */ = {
			isa = PBXShellScriptBuildPhase;
			buildActionMask = 2147483647;
			files = (
			);
			inputPaths = (
			);
			name = "📦 Copy Pods Resources";
			outputPaths = (
			);
			runOnlyForDeploymentPostprocessing = 0;
			shellPath = /bin/sh;
			shellScript = "\"${SRCROOT}/Pods/Target Support Files/Pods-findmeTests/Pods-findmeTests-resources.sh\"\n";
			showEnvVarsInLog = 0;
		};
		3D12D5D552F0459A02BEE2B3 /* 📦 Embed Pods Frameworks */ = {
			isa = PBXShellScriptBuildPhase;
			buildActionMask = 2147483647;
			files = (
			);
			inputPaths = (
			);
			name = "📦 Embed Pods Frameworks";
			outputPaths = (
			);
			runOnlyForDeploymentPostprocessing = 0;
			shellPath = /bin/sh;
			shellScript = "\"${SRCROOT}/Pods/Target Support Files/Pods-findmeTests/Pods-findmeTests-frameworks.sh\"\n";
			showEnvVarsInLog = 0;
		};
		780B9660ADE53449584F208D /* 📦 Embed Pods Frameworks */ = {
			isa = PBXShellScriptBuildPhase;
			buildActionMask = 2147483647;
			files = (
			);
			inputPaths = (
			);
			name = "📦 Embed Pods Frameworks";
			outputPaths = (
			);
			runOnlyForDeploymentPostprocessing = 0;
			shellPath = /bin/sh;
			shellScript = "\"${SRCROOT}/Pods/Target Support Files/Pods-findme/Pods-findme-frameworks.sh\"\n";
			showEnvVarsInLog = 0;
		};
		ACF4626886EEDFE8074E7CCB /* 📦 Check Pods Manifest.lock */ = {
			isa = PBXShellScriptBuildPhase;
			buildActionMask = 2147483647;
			files = (
			);
			inputPaths = (
			);
			name = "📦 Check Pods Manifest.lock";
			outputPaths = (
			);
			runOnlyForDeploymentPostprocessing = 0;
			shellPath = /bin/sh;
			shellScript = "diff \"${PODS_ROOT}/../Podfile.lock\" \"${PODS_ROOT}/Manifest.lock\" > /dev/null\nif [[ $? != 0 ]] ; then\n    cat << EOM\nerror: The sandbox is not in sync with the Podfile.lock. Run 'pod install' or update your CocoaPods installation.\nEOM\n    exit 1\nfi\n";
			showEnvVarsInLog = 0;
		};
		DCD2324680E3BD8E5BF38FE5 /* 📦 Check Pods Manifest.lock */ = {
			isa = PBXShellScriptBuildPhase;
			buildActionMask = 2147483647;
			files = (
			);
			inputPaths = (
			);
			name = "📦 Check Pods Manifest.lock";
			outputPaths = (
			);
			runOnlyForDeploymentPostprocessing = 0;
			shellPath = /bin/sh;
			shellScript = "diff \"${PODS_ROOT}/../Podfile.lock\" \"${PODS_ROOT}/Manifest.lock\" > /dev/null\nif [[ $? != 0 ]] ; then\n    cat << EOM\nerror: The sandbox is not in sync with the Podfile.lock. Run 'pod install' or update your CocoaPods installation.\nEOM\n    exit 1\nfi\n";
			showEnvVarsInLog = 0;
		};
		F5650830874FAEC96C087547 /* 📦 Copy Pods Resources */ = {
			isa = PBXShellScriptBuildPhase;
			buildActionMask = 2147483647;
			files = (
			);
			inputPaths = (
			);
			name = "📦 Copy Pods Resources";
			outputPaths = (
			);
			runOnlyForDeploymentPostprocessing = 0;
			shellPath = /bin/sh;
			shellScript = "\"${SRCROOT}/Pods/Target Support Files/Pods-findme/Pods-findme-resources.sh\"\n";
			showEnvVarsInLog = 0;
		};
/* End PBXShellScriptBuildPhase section */

/* Begin PBXSourcesBuildPhase section */
		29E3C5E91C8B19B900DDD92A /* Sources */ = {
			isa = PBXSourcesBuildPhase;
			buildActionMask = 2147483647;
			files = (
				292D66831C9AA99B00BE0DEC /* RegisterViewController.swift in Sources */,
				03B27FEA1C9A2BF900D744DA /* UserAnnotationView.swift in Sources */,
				03B27FEC1C9AE3F000D744DA /* Users.swift in Sources */,
				29E3C5F31C8B19B900DDD92A /* MapViewController.swift in Sources */,
				03B27FE81C9A018600D744DA /* ContactViewController.swift in Sources */,
				0376F7401C9809350023C0A7 /* Enum.swift in Sources */,
				03B27FE61C99FE5400D744DA /* ParamViewController.swift in Sources */,
				292D66811C9AA92100BE0DEC /* LoginViewController.swift in Sources */,
				0340A4BC1CBE88A700A4984D /* User.swift in Sources */,
				03B27FE41C99F86700D744DA /* UserAnnotation.swift in Sources */,
				292D66871C9ABDA800BE0DEC /* ConnectionSettings.swift in Sources */,
				0376F7421C9809350023C0A7 /* FontAwesome.swift in Sources */,
				295635721CDB7A20007F3DE9 /* WSConnection.swift in Sources */,
				29C3EC9C1CE31C0E00F613C1 /* WSService.swift in Sources */,
				297D04FC1CDA2B6B0012E149 /* AboutViewController.swift in Sources */,
				0376DA301CEF6B8700CCD5A4 /* PulseAnimation.swift in Sources */,
				29E3C5F11C8B19B900DDD92A /* AppDelegate.swift in Sources */,
			);
			runOnlyForDeploymentPostprocessing = 0;
		};
		29E3C5FD1C8B19B900DDD92A /* Sources */ = {
			isa = PBXSourcesBuildPhase;
			buildActionMask = 2147483647;
			files = (
				29E3C6061C8B19B900DDD92A /* findmeTests.swift in Sources */,
			);
			runOnlyForDeploymentPostprocessing = 0;
		};
/* End PBXSourcesBuildPhase section */

/* Begin PBXTargetDependency section */
		29E3C6031C8B19B900DDD92A /* PBXTargetDependency */ = {
			isa = PBXTargetDependency;
			target = 29E3C5EC1C8B19B900DDD92A /* findme */;
			targetProxy = 29E3C6021C8B19B900DDD92A /* PBXContainerItemProxy */;
		};
/* End PBXTargetDependency section */

/* Begin PBXVariantGroup section */
		29E3C5F41C8B19B900DDD92A /* Main.storyboard */ = {
			isa = PBXVariantGroup;
			children = (
				29E3C5F51C8B19B900DDD92A /* Base */,
			);
			name = Main.storyboard;
			sourceTree = "<group>";
		};
		29E3C5F91C8B19B900DDD92A /* LaunchScreen.storyboard */ = {
			isa = PBXVariantGroup;
			children = (
				29E3C5FA1C8B19B900DDD92A /* Base */,
			);
			name = LaunchScreen.storyboard;
			sourceTree = "<group>";
		};
/* End PBXVariantGroup section */

/* Begin XCBuildConfiguration section */
		29E3C6081C8B19B900DDD92A /* Debug */ = {
			isa = XCBuildConfiguration;
			buildSettings = {
				ALWAYS_SEARCH_USER_PATHS = NO;
				CLANG_CXX_LANGUAGE_STANDARD = "gnu++0x";
				CLANG_CXX_LIBRARY = "libc++";
				CLANG_ENABLE_MODULES = YES;
				CLANG_ENABLE_OBJC_ARC = YES;
				CLANG_WARN_BOOL_CONVERSION = YES;
				CLANG_WARN_CONSTANT_CONVERSION = YES;
				CLANG_WARN_DIRECT_OBJC_ISA_USAGE = YES_ERROR;
				CLANG_WARN_EMPTY_BODY = YES;
				CLANG_WARN_ENUM_CONVERSION = YES;
				CLANG_WARN_INT_CONVERSION = YES;
				CLANG_WARN_OBJC_ROOT_CLASS = YES_ERROR;
				CLANG_WARN_UNREACHABLE_CODE = YES;
				CLANG_WARN__DUPLICATE_METHOD_MATCH = YES;
				"CODE_SIGN_IDENTITY[sdk=iphoneos*]" = "iPhone Developer";
				COPY_PHASE_STRIP = NO;
				DEBUG_INFORMATION_FORMAT = dwarf;
				ENABLE_STRICT_OBJC_MSGSEND = YES;
				ENABLE_TESTABILITY = YES;
				GCC_C_LANGUAGE_STANDARD = gnu99;
				GCC_DYNAMIC_NO_PIC = NO;
				GCC_NO_COMMON_BLOCKS = YES;
				GCC_OPTIMIZATION_LEVEL = 0;
				GCC_PREPROCESSOR_DEFINITIONS = (
					"DEBUG=1",
					"$(inherited)",
				);
				GCC_WARN_64_TO_32_BIT_CONVERSION = YES;
				GCC_WARN_ABOUT_RETURN_TYPE = YES_ERROR;
				GCC_WARN_UNDECLARED_SELECTOR = YES;
				GCC_WARN_UNINITIALIZED_AUTOS = YES_AGGRESSIVE;
				GCC_WARN_UNUSED_FUNCTION = YES;
				GCC_WARN_UNUSED_VARIABLE = YES;
				IPHONEOS_DEPLOYMENT_TARGET = 9.2;
				MTL_ENABLE_DEBUG_INFO = YES;
				ONLY_ACTIVE_ARCH = YES;
				SDKROOT = iphoneos;
				SWIFT_OPTIMIZATION_LEVEL = "-Onone";
				TARGETED_DEVICE_FAMILY = "1,2";
			};
			name = Debug;
		};
		29E3C6091C8B19B900DDD92A /* Release */ = {
			isa = XCBuildConfiguration;
			buildSettings = {
				ALWAYS_SEARCH_USER_PATHS = NO;
				CLANG_CXX_LANGUAGE_STANDARD = "gnu++0x";
				CLANG_CXX_LIBRARY = "libc++";
				CLANG_ENABLE_MODULES = YES;
				CLANG_ENABLE_OBJC_ARC = YES;
				CLANG_WARN_BOOL_CONVERSION = YES;
				CLANG_WARN_CONSTANT_CONVERSION = YES;
				CLANG_WARN_DIRECT_OBJC_ISA_USAGE = YES_ERROR;
				CLANG_WARN_EMPTY_BODY = YES;
				CLANG_WARN_ENUM_CONVERSION = YES;
				CLANG_WARN_INT_CONVERSION = YES;
				CLANG_WARN_OBJC_ROOT_CLASS = YES_ERROR;
				CLANG_WARN_UNREACHABLE_CODE = YES;
				CLANG_WARN__DUPLICATE_METHOD_MATCH = YES;
				"CODE_SIGN_IDENTITY[sdk=iphoneos*]" = "iPhone Developer";
				COPY_PHASE_STRIP = NO;
				DEBUG_INFORMATION_FORMAT = "dwarf-with-dsym";
				ENABLE_NS_ASSERTIONS = NO;
				ENABLE_STRICT_OBJC_MSGSEND = YES;
				GCC_C_LANGUAGE_STANDARD = gnu99;
				GCC_NO_COMMON_BLOCKS = YES;
				GCC_WARN_64_TO_32_BIT_CONVERSION = YES;
				GCC_WARN_ABOUT_RETURN_TYPE = YES_ERROR;
				GCC_WARN_UNDECLARED_SELECTOR = YES;
				GCC_WARN_UNINITIALIZED_AUTOS = YES_AGGRESSIVE;
				GCC_WARN_UNUSED_FUNCTION = YES;
				GCC_WARN_UNUSED_VARIABLE = YES;
				IPHONEOS_DEPLOYMENT_TARGET = 9.2;
				MTL_ENABLE_DEBUG_INFO = NO;
				SDKROOT = iphoneos;
				TARGETED_DEVICE_FAMILY = "1,2";
				VALIDATE_PRODUCT = YES;
			};
			name = Release;
		};
		29E3C60B1C8B19B900DDD92A /* Debug */ = {
			isa = XCBuildConfiguration;
			baseConfigurationReference = 9B9CBB78F6E833E8ACA030A3 /* Pods-findme.debug.xcconfig */;
			buildSettings = {
				ASSETCATALOG_COMPILER_APPICON_NAME = AppIcon;
				CODE_SIGN_IDENTITY = "iPhone Developer";
				"CODE_SIGN_IDENTITY[sdk=iphoneos*]" = "iPhone Developer";
				INFOPLIST_FILE = findme/Info.plist;
				LD_RUNPATH_SEARCH_PATHS = "$(inherited) @executable_path/Frameworks";
				PRODUCT_BUNDLE_IDENTIFIER = "com.findme-app";
				PRODUCT_NAME = "$(TARGET_NAME)";
				PROVISIONING_PROFILE = "";
			};
			name = Debug;
		};
		29E3C60C1C8B19B900DDD92A /* Release */ = {
			isa = XCBuildConfiguration;
			baseConfigurationReference = AB008B91A044316AECEF39FA /* Pods-findme.release.xcconfig */;
			buildSettings = {
				ASSETCATALOG_COMPILER_APPICON_NAME = AppIcon;
				CODE_SIGN_IDENTITY = "iPhone Developer";
				"CODE_SIGN_IDENTITY[sdk=iphoneos*]" = "iPhone Developer";
				INFOPLIST_FILE = findme/Info.plist;
				LD_RUNPATH_SEARCH_PATHS = "$(inherited) @executable_path/Frameworks";
				PRODUCT_BUNDLE_IDENTIFIER = "com.findme-app";
				PRODUCT_NAME = "$(TARGET_NAME)";
				PROVISIONING_PROFILE = "";
			};
			name = Release;
		};
		29E3C60E1C8B19B900DDD92A /* Debug */ = {
			isa = XCBuildConfiguration;
			baseConfigurationReference = A629CCAD56C2752C3DC755D6 /* Pods-findmeTests.debug.xcconfig */;
			buildSettings = {
				BUNDLE_LOADER = "$(TEST_HOST)";
				INFOPLIST_FILE = findmeTests/Info.plist;
				LD_RUNPATH_SEARCH_PATHS = "$(inherited) @executable_path/Frameworks @loader_path/Frameworks";
				PRODUCT_BUNDLE_IDENTIFIER = com.maximesignoret.findmeTests;
				PRODUCT_NAME = "$(TARGET_NAME)";
				TEST_HOST = "$(BUILT_PRODUCTS_DIR)/findme.app/findme";
			};
			name = Debug;
		};
		29E3C60F1C8B19B900DDD92A /* Release */ = {
			isa = XCBuildConfiguration;
			baseConfigurationReference = AC81916FCF2F81FA9E09FBC8 /* Pods-findmeTests.release.xcconfig */;
			buildSettings = {
				BUNDLE_LOADER = "$(TEST_HOST)";
				INFOPLIST_FILE = findmeTests/Info.plist;
				LD_RUNPATH_SEARCH_PATHS = "$(inherited) @executable_path/Frameworks @loader_path/Frameworks";
				PRODUCT_BUNDLE_IDENTIFIER = com.maximesignoret.findmeTests;
				PRODUCT_NAME = "$(TARGET_NAME)";
				TEST_HOST = "$(BUILT_PRODUCTS_DIR)/findme.app/findme";
			};
			name = Release;
		};
/* End XCBuildConfiguration section */

/* Begin XCConfigurationList section */
		29E3C5E81C8B19B900DDD92A /* Build configuration list for PBXProject "findme" */ = {
			isa = XCConfigurationList;
			buildConfigurations = (
				29E3C6081C8B19B900DDD92A /* Debug */,
				29E3C6091C8B19B900DDD92A /* Release */,
			);
			defaultConfigurationIsVisible = 0;
			defaultConfigurationName = Release;
		};
		29E3C60A1C8B19B900DDD92A /* Build configuration list for PBXNativeTarget "findme" */ = {
			isa = XCConfigurationList;
			buildConfigurations = (
				29E3C60B1C8B19B900DDD92A /* Debug */,
				29E3C60C1C8B19B900DDD92A /* Release */,
			);
			defaultConfigurationIsVisible = 0;
			defaultConfigurationName = Release;
		};
		29E3C60D1C8B19B900DDD92A /* Build configuration list for PBXNativeTarget "findmeTests" */ = {
			isa = XCConfigurationList;
			buildConfigurations = (
				29E3C60E1C8B19B900DDD92A /* Debug */,
				29E3C60F1C8B19B900DDD92A /* Release */,
			);
			defaultConfigurationIsVisible = 0;
			defaultConfigurationName = Release;
		};
/* End XCConfigurationList section */
	};
	rootObject = 29E3C5E51C8B19B900DDD92A /* Project object */;
}
