// !$*UTF8*$!
{
	archiveVersion = 1;
	classes = {
	};
	objectVersion = 46;
	objects = {

/* Begin PBXBuildFile section */
		03CF68FE1C97491400194684 /* umpc.gpx in Resources */ = {isa = PBXBuildFile; fileRef = 03CF68FD1C97491400194684 /* umpc.gpx */; };
		2920D0FC1CF747940043BC1C /* APICommunicator.swift in Sources */ = {isa = PBXBuildFile; fileRef = 2920D0981CF747940043BC1C /* APICommunicator.swift */; };
		2920D0FD1CF747940043BC1C /* AppDelegate.swift in Sources */ = {isa = PBXBuildFile; fileRef = 2920D0991CF747940043BC1C /* AppDelegate.swift */; };
		2920D0FE1CF747940043BC1C /* FindMe_intro_00000.png in Resources */ = {isa = PBXBuildFile; fileRef = 2920D09B1CF747940043BC1C /* FindMe_intro_00000.png */; };
		2920D0FF1CF747940043BC1C /* FindMe_intro_00001.png in Resources */ = {isa = PBXBuildFile; fileRef = 2920D09C1CF747940043BC1C /* FindMe_intro_00001.png */; };
		2920D1001CF747940043BC1C /* FindMe_intro_00002.png in Resources */ = {isa = PBXBuildFile; fileRef = 2920D09D1CF747940043BC1C /* FindMe_intro_00002.png */; };
		2920D1011CF747940043BC1C /* FindMe_intro_00003.png in Resources */ = {isa = PBXBuildFile; fileRef = 2920D09E1CF747940043BC1C /* FindMe_intro_00003.png */; };
		2920D1021CF747940043BC1C /* FindMe_intro_00004.png in Resources */ = {isa = PBXBuildFile; fileRef = 2920D09F1CF747940043BC1C /* FindMe_intro_00004.png */; };
		2920D1031CF747940043BC1C /* FindMe_intro_00005.png in Resources */ = {isa = PBXBuildFile; fileRef = 2920D0A01CF747940043BC1C /* FindMe_intro_00005.png */; };
		2920D1041CF747940043BC1C /* FindMe_intro_00006.png in Resources */ = {isa = PBXBuildFile; fileRef = 2920D0A11CF747940043BC1C /* FindMe_intro_00006.png */; };
		2920D1051CF747940043BC1C /* FindMe_intro_00007.png in Resources */ = {isa = PBXBuildFile; fileRef = 2920D0A21CF747940043BC1C /* FindMe_intro_00007.png */; };
		2920D1061CF747940043BC1C /* FindMe_intro_00008.png in Resources */ = {isa = PBXBuildFile; fileRef = 2920D0A31CF747940043BC1C /* FindMe_intro_00008.png */; };
		2920D1071CF747940043BC1C /* FindMe_intro_00009.png in Resources */ = {isa = PBXBuildFile; fileRef = 2920D0A41CF747940043BC1C /* FindMe_intro_00009.png */; };
		2920D1081CF747940043BC1C /* FindMe_intro_00010.png in Resources */ = {isa = PBXBuildFile; fileRef = 2920D0A51CF747940043BC1C /* FindMe_intro_00010.png */; };
		2920D1091CF747940043BC1C /* FindMe_intro_00011.png in Resources */ = {isa = PBXBuildFile; fileRef = 2920D0A61CF747940043BC1C /* FindMe_intro_00011.png */; };
		2920D10A1CF747940043BC1C /* FindMe_intro_00012.png in Resources */ = {isa = PBXBuildFile; fileRef = 2920D0A71CF747940043BC1C /* FindMe_intro_00012.png */; };
		2920D10B1CF747940043BC1C /* FindMe_intro_00013.png in Resources */ = {isa = PBXBuildFile; fileRef = 2920D0A81CF747940043BC1C /* FindMe_intro_00013.png */; };
		2920D10C1CF747940043BC1C /* FindMe_intro_00014.png in Resources */ = {isa = PBXBuildFile; fileRef = 2920D0A91CF747940043BC1C /* FindMe_intro_00014.png */; };
		2920D10D1CF747940043BC1C /* FindMe_intro_00015.png in Resources */ = {isa = PBXBuildFile; fileRef = 2920D0AA1CF747940043BC1C /* FindMe_intro_00015.png */; };
		2920D10E1CF747940043BC1C /* FindMe_intro_00016.png in Resources */ = {isa = PBXBuildFile; fileRef = 2920D0AB1CF747940043BC1C /* FindMe_intro_00016.png */; };
		2920D10F1CF747940043BC1C /* FindMe_intro_00017.png in Resources */ = {isa = PBXBuildFile; fileRef = 2920D0AC1CF747940043BC1C /* FindMe_intro_00017.png */; };
		2920D1101CF747940043BC1C /* FindMe_intro_00018.png in Resources */ = {isa = PBXBuildFile; fileRef = 2920D0AD1CF747940043BC1C /* FindMe_intro_00018.png */; };
		2920D1111CF747940043BC1C /* FindMe_intro_00019.png in Resources */ = {isa = PBXBuildFile; fileRef = 2920D0AE1CF747940043BC1C /* FindMe_intro_00019.png */; };
		2920D1121CF747940043BC1C /* FindMe_intro_00020.png in Resources */ = {isa = PBXBuildFile; fileRef = 2920D0AF1CF747940043BC1C /* FindMe_intro_00020.png */; };
		2920D1131CF747940043BC1C /* FindMe_intro_00021.png in Resources */ = {isa = PBXBuildFile; fileRef = 2920D0B01CF747940043BC1C /* FindMe_intro_00021.png */; };
		2920D1141CF747940043BC1C /* FindMe_intro_00022.png in Resources */ = {isa = PBXBuildFile; fileRef = 2920D0B11CF747940043BC1C /* FindMe_intro_00022.png */; };
		2920D1151CF747940043BC1C /* FindMe_intro_00023.png in Resources */ = {isa = PBXBuildFile; fileRef = 2920D0B21CF747940043BC1C /* FindMe_intro_00023.png */; };
		2920D1161CF747940043BC1C /* FindMe_intro_00024.png in Resources */ = {isa = PBXBuildFile; fileRef = 2920D0B31CF747940043BC1C /* FindMe_intro_00024.png */; };
		2920D1171CF747940043BC1C /* FindMe_intro_00025.png in Resources */ = {isa = PBXBuildFile; fileRef = 2920D0B41CF747940043BC1C /* FindMe_intro_00025.png */; };
		2920D1181CF747940043BC1C /* FindMe_intro_00026.png in Resources */ = {isa = PBXBuildFile; fileRef = 2920D0B51CF747940043BC1C /* FindMe_intro_00026.png */; };
		2920D1191CF747940043BC1C /* FindMe_intro_00027.png in Resources */ = {isa = PBXBuildFile; fileRef = 2920D0B61CF747940043BC1C /* FindMe_intro_00027.png */; };
		2920D11A1CF747940043BC1C /* FindMe_intro_00028.png in Resources */ = {isa = PBXBuildFile; fileRef = 2920D0B71CF747940043BC1C /* FindMe_intro_00028.png */; };
		2920D11B1CF747940043BC1C /* FindMe_intro_00029.png in Resources */ = {isa = PBXBuildFile; fileRef = 2920D0B81CF747940043BC1C /* FindMe_intro_00029.png */; };
		2920D11C1CF747940043BC1C /* FindMe_intro_00030.png in Resources */ = {isa = PBXBuildFile; fileRef = 2920D0B91CF747940043BC1C /* FindMe_intro_00030.png */; };
		2920D11D1CF747940043BC1C /* FindMe_intro_00031.png in Resources */ = {isa = PBXBuildFile; fileRef = 2920D0BA1CF747940043BC1C /* FindMe_intro_00031.png */; };
		2920D11E1CF747940043BC1C /* FindMe_intro_00032.png in Resources */ = {isa = PBXBuildFile; fileRef = 2920D0BB1CF747940043BC1C /* FindMe_intro_00032.png */; };
		2920D11F1CF747940043BC1C /* FindMe_intro_00033.png in Resources */ = {isa = PBXBuildFile; fileRef = 2920D0BC1CF747940043BC1C /* FindMe_intro_00033.png */; };
		2920D1201CF747940043BC1C /* FindMe_intro_00034.png in Resources */ = {isa = PBXBuildFile; fileRef = 2920D0BD1CF747940043BC1C /* FindMe_intro_00034.png */; };
		2920D1211CF747940043BC1C /* FindMe_intro_00035.png in Resources */ = {isa = PBXBuildFile; fileRef = 2920D0BE1CF747940043BC1C /* FindMe_intro_00035.png */; };
		2920D1221CF747940043BC1C /* FindMe_intro_00036.png in Resources */ = {isa = PBXBuildFile; fileRef = 2920D0BF1CF747940043BC1C /* FindMe_intro_00036.png */; };
		2920D1231CF747940043BC1C /* FindMe_intro_00037.png in Resources */ = {isa = PBXBuildFile; fileRef = 2920D0C01CF747940043BC1C /* FindMe_intro_00037.png */; };
		2920D1241CF747940043BC1C /* FindMe_intro_00038.png in Resources */ = {isa = PBXBuildFile; fileRef = 2920D0C11CF747940043BC1C /* FindMe_intro_00038.png */; };
		2920D1251CF747940043BC1C /* FindMe_intro_00039.png in Resources */ = {isa = PBXBuildFile; fileRef = 2920D0C21CF747940043BC1C /* FindMe_intro_00039.png */; };
		2920D1261CF747940043BC1C /* FindMe_intro_00040.png in Resources */ = {isa = PBXBuildFile; fileRef = 2920D0C31CF747940043BC1C /* FindMe_intro_00040.png */; };
		2920D1271CF747940043BC1C /* FindMe_intro_00041.png in Resources */ = {isa = PBXBuildFile; fileRef = 2920D0C41CF747940043BC1C /* FindMe_intro_00041.png */; };
		2920D1281CF747940043BC1C /* FindMe_intro_00042.png in Resources */ = {isa = PBXBuildFile; fileRef = 2920D0C51CF747940043BC1C /* FindMe_intro_00042.png */; };
		2920D1291CF747940043BC1C /* FindMe_intro_00043.png in Resources */ = {isa = PBXBuildFile; fileRef = 2920D0C61CF747940043BC1C /* FindMe_intro_00043.png */; };
		2920D12A1CF747940043BC1C /* FindMe_intro_00044.png in Resources */ = {isa = PBXBuildFile; fileRef = 2920D0C71CF747940043BC1C /* FindMe_intro_00044.png */; };
		2920D12B1CF747940043BC1C /* FindMe_intro_00045.png in Resources */ = {isa = PBXBuildFile; fileRef = 2920D0C81CF747940043BC1C /* FindMe_intro_00045.png */; };
		2920D12C1CF747940043BC1C /* FindMe_intro_00046.png in Resources */ = {isa = PBXBuildFile; fileRef = 2920D0C91CF747940043BC1C /* FindMe_intro_00046.png */; };
		2920D12D1CF747940043BC1C /* FindMe_intro_00047.png in Resources */ = {isa = PBXBuildFile; fileRef = 2920D0CA1CF747940043BC1C /* FindMe_intro_00047.png */; };
		2920D12E1CF747940043BC1C /* FindMe_intro_00048.png in Resources */ = {isa = PBXBuildFile; fileRef = 2920D0CB1CF747940043BC1C /* FindMe_intro_00048.png */; };
		2920D12F1CF747940043BC1C /* FindMe_intro_00049.png in Resources */ = {isa = PBXBuildFile; fileRef = 2920D0CC1CF747940043BC1C /* FindMe_intro_00049.png */; };
		2920D1301CF747940043BC1C /* FindMe_intro_00050.png in Resources */ = {isa = PBXBuildFile; fileRef = 2920D0CD1CF747940043BC1C /* FindMe_intro_00050.png */; };
		2920D1311CF747940043BC1C /* FindMe_intro_00051.png in Resources */ = {isa = PBXBuildFile; fileRef = 2920D0CE1CF747940043BC1C /* FindMe_intro_00051.png */; };
		2920D1321CF747940043BC1C /* FindMe_intro_00052.png in Resources */ = {isa = PBXBuildFile; fileRef = 2920D0CF1CF747940043BC1C /* FindMe_intro_00052.png */; };
		2920D1331CF747940043BC1C /* FindMe_intro_00053.png in Resources */ = {isa = PBXBuildFile; fileRef = 2920D0D01CF747940043BC1C /* FindMe_intro_00053.png */; };
		2920D1341CF747940043BC1C /* FindMe_intro_00054.png in Resources */ = {isa = PBXBuildFile; fileRef = 2920D0D11CF747940043BC1C /* FindMe_intro_00054.png */; };
		2920D1351CF747940043BC1C /* FindMe_intro_00055.png in Resources */ = {isa = PBXBuildFile; fileRef = 2920D0D21CF747940043BC1C /* FindMe_intro_00055.png */; };
		2920D1361CF747940043BC1C /* FindMe_intro_00056.png in Resources */ = {isa = PBXBuildFile; fileRef = 2920D0D31CF747940043BC1C /* FindMe_intro_00056.png */; };
		2920D1371CF747940043BC1C /* FindMe_intro_00057.png in Resources */ = {isa = PBXBuildFile; fileRef = 2920D0D41CF747940043BC1C /* FindMe_intro_00057.png */; };
		2920D1381CF747940043BC1C /* FindMe_intro_00058.png in Resources */ = {isa = PBXBuildFile; fileRef = 2920D0D51CF747940043BC1C /* FindMe_intro_00058.png */; };
		2920D1391CF747940043BC1C /* FindMe_intro_00059.png in Resources */ = {isa = PBXBuildFile; fileRef = 2920D0D61CF747940043BC1C /* FindMe_intro_00059.png */; };
		2920D13A1CF747940043BC1C /* FindMe_intro_00060.png in Resources */ = {isa = PBXBuildFile; fileRef = 2920D0D71CF747940043BC1C /* FindMe_intro_00060.png */; };
		2920D13B1CF747940043BC1C /* FindMe_intro_00061.png in Resources */ = {isa = PBXBuildFile; fileRef = 2920D0D81CF747940043BC1C /* FindMe_intro_00061.png */; };
		2920D13C1CF747940043BC1C /* FindMe_intro_00062.png in Resources */ = {isa = PBXBuildFile; fileRef = 2920D0D91CF747940043BC1C /* FindMe_intro_00062.png */; };
		2920D13D1CF747940043BC1C /* FindMe_intro_00063.png in Resources */ = {isa = PBXBuildFile; fileRef = 2920D0DA1CF747940043BC1C /* FindMe_intro_00063.png */; };
		2920D13E1CF747940043BC1C /* FindMe_intro_00064.png in Resources */ = {isa = PBXBuildFile; fileRef = 2920D0DB1CF747940043BC1C /* FindMe_intro_00064.png */; };
		2920D13F1CF747940043BC1C /* FindMe_intro_00065.png in Resources */ = {isa = PBXBuildFile; fileRef = 2920D0DC1CF747940043BC1C /* FindMe_intro_00065.png */; };
		2920D1401CF747940043BC1C /* FindMe_intro_00066.png in Resources */ = {isa = PBXBuildFile; fileRef = 2920D0DD1CF747940043BC1C /* FindMe_intro_00066.png */; };
		2920D1411CF747940043BC1C /* FindMe_intro_00067.png in Resources */ = {isa = PBXBuildFile; fileRef = 2920D0DE1CF747940043BC1C /* FindMe_intro_00067.png */; };
		2920D1421CF747940043BC1C /* FindMe_intro_00068.png in Resources */ = {isa = PBXBuildFile; fileRef = 2920D0DF1CF747940043BC1C /* FindMe_intro_00068.png */; };
		2920D1431CF747940043BC1C /* FindMe_intro_00069.png in Resources */ = {isa = PBXBuildFile; fileRef = 2920D0E01CF747940043BC1C /* FindMe_intro_00069.png */; };
		2920D1441CF747940043BC1C /* Enum.swift in Sources */ = {isa = PBXBuildFile; fileRef = 2920D0E21CF747940043BC1C /* Enum.swift */; };
		2920D1451CF747940043BC1C /* FontAwesome.otf in Resources */ = {isa = PBXBuildFile; fileRef = 2920D0E41CF747940043BC1C /* FontAwesome.otf */; };
		2920D1461CF747940043BC1C /* FontAwesome.swift in Sources */ = {isa = PBXBuildFile; fileRef = 2920D0E51CF747940043BC1C /* FontAwesome.swift */; };
		2920D1471CF747940043BC1C /* Assets.xcassets in Resources */ = {isa = PBXBuildFile; fileRef = 2920D0E61CF747940043BC1C /* Assets.xcassets */; };
		2920D1481CF747940043BC1C /* LaunchScreen.storyboard in Resources */ = {isa = PBXBuildFile; fileRef = 2920D0E71CF747940043BC1C /* LaunchScreen.storyboard */; };
		2920D1491CF747940043BC1C /* Main.storyboard in Resources */ = {isa = PBXBuildFile; fileRef = 2920D0E91CF747940043BC1C /* Main.storyboard */; };
		2920D14A1CF747940043BC1C /* AboutViewController.swift in Sources */ = {isa = PBXBuildFile; fileRef = 2920D0EC1CF747940043BC1C /* AboutViewController.swift */; };
		2920D14B1CF747940043BC1C /* ContactViewController.swift in Sources */ = {isa = PBXBuildFile; fileRef = 2920D0ED1CF747940043BC1C /* ContactViewController.swift */; };
		2920D14C1CF747940043BC1C /* LoginViewController.swift in Sources */ = {isa = PBXBuildFile; fileRef = 2920D0EE1CF747940043BC1C /* LoginViewController.swift */; };
		2920D14D1CF747940043BC1C /* MapViewController.swift in Sources */ = {isa = PBXBuildFile; fileRef = 2920D0EF1CF747940043BC1C /* MapViewController.swift */; };
		2920D14E1CF747940043BC1C /* ParamViewController.swift in Sources */ = {isa = PBXBuildFile; fileRef = 2920D0F01CF747940043BC1C /* ParamViewController.swift */; };
		2920D14F1CF747940043BC1C /* RegisterViewController.swift in Sources */ = {isa = PBXBuildFile; fileRef = 2920D0F11CF747940043BC1C /* RegisterViewController.swift */; };
		2920D1511CF747940043BC1C /* User.swift in Sources */ = {isa = PBXBuildFile; fileRef = 2920D0F41CF747940043BC1C /* User.swift */; };
		2920D1521CF747940043BC1C /* APIService.swift in Sources */ = {isa = PBXBuildFile; fileRef = 2920D0F61CF747940043BC1C /* APIService.swift */; };
		2920D1531CF747940043BC1C /* PulseAnimation.swift in Sources */ = {isa = PBXBuildFile; fileRef = 2920D0F71CF747940043BC1C /* PulseAnimation.swift */; };
		2920D1541CF747940043BC1C /* PusherService.swift in Sources */ = {isa = PBXBuildFile; fileRef = 2920D0F81CF747940043BC1C /* PusherService.swift */; };
		2920D1551CF747940043BC1C /* UserAnnotation.swift in Sources */ = {isa = PBXBuildFile; fileRef = 2920D0F91CF747940043BC1C /* UserAnnotation.swift */; };
		2920D1561CF747940043BC1C /* UserService.swift in Sources */ = {isa = PBXBuildFile; fileRef = 2920D0FA1CF747940043BC1C /* UserService.swift */; };
		2920D1571CF747940043BC1C /* UserAnnotationView.swift in Sources */ = {isa = PBXBuildFile; fileRef = 2920D0FB1CF747940043BC1C /* UserAnnotationView.swift */; };
		29E3C6061C8B19B900DDD92A /* findmeTests.swift in Sources */ = {isa = PBXBuildFile; fileRef = 29E3C6051C8B19B900DDD92A /* findmeTests.swift */; };
/* End PBXBuildFile section */

/* Begin PBXContainerItemProxy section */
		29E3C6021C8B19B900DDD92A /* PBXContainerItemProxy */ = {
			isa = PBXContainerItemProxy;
			containerPortal = 29E3C5E51C8B19B900DDD92A /* Project object */;
			proxyType = 1;
			remoteGlobalIDString = 29E3C5EC1C8B19B900DDD92A;
			remoteInfo = findme;
		};
/* End PBXContainerItemProxy section */

/* Begin PBXFileReference section */
		03CF68FD1C97491400194684 /* umpc.gpx */ = {isa = PBXFileReference; fileEncoding = 4; lastKnownFileType = text.xml; path = umpc.gpx; sourceTree = "<group>"; };
		2920D0981CF747940043BC1C /* APICommunicator.swift */ = {isa = PBXFileReference; fileEncoding = 4; lastKnownFileType = sourcecode.swift; path = APICommunicator.swift; sourceTree = "<group>"; };
		2920D0991CF747940043BC1C /* AppDelegate.swift */ = {isa = PBXFileReference; fileEncoding = 4; lastKnownFileType = sourcecode.swift; path = AppDelegate.swift; sourceTree = "<group>"; };
		2920D09B1CF747940043BC1C /* FindMe_intro_00000.png */ = {isa = PBXFileReference; lastKnownFileType = image.png; path = FindMe_intro_00000.png; sourceTree = "<group>"; };
		2920D09C1CF747940043BC1C /* FindMe_intro_00001.png */ = {isa = PBXFileReference; lastKnownFileType = image.png; path = FindMe_intro_00001.png; sourceTree = "<group>"; };
		2920D09D1CF747940043BC1C /* FindMe_intro_00002.png */ = {isa = PBXFileReference; lastKnownFileType = image.png; path = FindMe_intro_00002.png; sourceTree = "<group>"; };
		2920D09E1CF747940043BC1C /* FindMe_intro_00003.png */ = {isa = PBXFileReference; lastKnownFileType = image.png; path = FindMe_intro_00003.png; sourceTree = "<group>"; };
		2920D09F1CF747940043BC1C /* FindMe_intro_00004.png */ = {isa = PBXFileReference; lastKnownFileType = image.png; path = FindMe_intro_00004.png; sourceTree = "<group>"; };
		2920D0A01CF747940043BC1C /* FindMe_intro_00005.png */ = {isa = PBXFileReference; lastKnownFileType = image.png; path = FindMe_intro_00005.png; sourceTree = "<group>"; };
		2920D0A11CF747940043BC1C /* FindMe_intro_00006.png */ = {isa = PBXFileReference; lastKnownFileType = image.png; path = FindMe_intro_00006.png; sourceTree = "<group>"; };
		2920D0A21CF747940043BC1C /* FindMe_intro_00007.png */ = {isa = PBXFileReference; lastKnownFileType = image.png; path = FindMe_intro_00007.png; sourceTree = "<group>"; };
		2920D0A31CF747940043BC1C /* FindMe_intro_00008.png */ = {isa = PBXFileReference; lastKnownFileType = image.png; path = FindMe_intro_00008.png; sourceTree = "<group>"; };
		2920D0A41CF747940043BC1C /* FindMe_intro_00009.png */ = {isa = PBXFileReference; lastKnownFileType = image.png; path = FindMe_intro_00009.png; sourceTree = "<group>"; };
		2920D0A51CF747940043BC1C /* FindMe_intro_00010.png */ = {isa = PBXFileReference; lastKnownFileType = image.png; path = FindMe_intro_00010.png; sourceTree = "<group>"; };
		2920D0A61CF747940043BC1C /* FindMe_intro_00011.png */ = {isa = PBXFileReference; lastKnownFileType = image.png; path = FindMe_intro_00011.png; sourceTree = "<group>"; };
		2920D0A71CF747940043BC1C /* FindMe_intro_00012.png */ = {isa = PBXFileReference; lastKnownFileType = image.png; path = FindMe_intro_00012.png; sourceTree = "<group>"; };
		2920D0A81CF747940043BC1C /* FindMe_intro_00013.png */ = {isa = PBXFileReference; lastKnownFileType = image.png; path = FindMe_intro_00013.png; sourceTree = "<group>"; };
		2920D0A91CF747940043BC1C /* FindMe_intro_00014.png */ = {isa = PBXFileReference; lastKnownFileType = image.png; path = FindMe_intro_00014.png; sourceTree = "<group>"; };
		2920D0AA1CF747940043BC1C /* FindMe_intro_00015.png */ = {isa = PBXFileReference; lastKnownFileType = image.png; path = FindMe_intro_00015.png; sourceTree = "<group>"; };
		2920D0AB1CF747940043BC1C /* FindMe_intro_00016.png */ = {isa = PBXFileReference; lastKnownFileType = image.png; path = FindMe_intro_00016.png; sourceTree = "<group>"; };
		2920D0AC1CF747940043BC1C /* FindMe_intro_00017.png */ = {isa = PBXFileReference; lastKnownFileType = image.png; path = FindMe_intro_00017.png; sourceTree = "<group>"; };
		2920D0AD1CF747940043BC1C /* FindMe_intro_00018.png */ = {isa = PBXFileReference; lastKnownFileType = image.png; path = FindMe_intro_00018.png; sourceTree = "<group>"; };
		2920D0AE1CF747940043BC1C /* FindMe_intro_00019.png */ = {isa = PBXFileReference; lastKnownFileType = image.png; path = FindMe_intro_00019.png; sourceTree = "<group>"; };
		2920D0AF1CF747940043BC1C /* FindMe_intro_00020.png */ = {isa = PBXFileReference; lastKnownFileType = image.png; path = FindMe_intro_00020.png; sourceTree = "<group>"; };
		2920D0B01CF747940043BC1C /* FindMe_intro_00021.png */ = {isa = PBXFileReference; lastKnownFileType = image.png; path = FindMe_intro_00021.png; sourceTree = "<group>"; };
		2920D0B11CF747940043BC1C /* FindMe_intro_00022.png */ = {isa = PBXFileReference; lastKnownFileType = image.png; path = FindMe_intro_00022.png; sourceTree = "<group>"; };
		2920D0B21CF747940043BC1C /* FindMe_intro_00023.png */ = {isa = PBXFileReference; lastKnownFileType = image.png; path = FindMe_intro_00023.png; sourceTree = "<group>"; };
		2920D0B31CF747940043BC1C /* FindMe_intro_00024.png */ = {isa = PBXFileReference; lastKnownFileType = image.png; path = FindMe_intro_00024.png; sourceTree = "<group>"; };
		2920D0B41CF747940043BC1C /* FindMe_intro_00025.png */ = {isa = PBXFileReference; lastKnownFileType = image.png; path = FindMe_intro_00025.png; sourceTree = "<group>"; };
		2920D0B51CF747940043BC1C /* FindMe_intro_00026.png */ = {isa = PBXFileReference; lastKnownFileType = image.png; path = FindMe_intro_00026.png; sourceTree = "<group>"; };
		2920D0B61CF747940043BC1C /* FindMe_intro_00027.png */ = {isa = PBXFileReference; lastKnownFileType = image.png; path = FindMe_intro_00027.png; sourceTree = "<group>"; };
		2920D0B71CF747940043BC1C /* FindMe_intro_00028.png */ = {isa = PBXFileReference; lastKnownFileType = image.png; path = FindMe_intro_00028.png; sourceTree = "<group>"; };
		2920D0B81CF747940043BC1C /* FindMe_intro_00029.png */ = {isa = PBXFileReference; lastKnownFileType = image.png; path = FindMe_intro_00029.png; sourceTree = "<group>"; };
		2920D0B91CF747940043BC1C /* FindMe_intro_00030.png */ = {isa = PBXFileReference; lastKnownFileType = image.png; path = FindMe_intro_00030.png; sourceTree = "<group>"; };
		2920D0BA1CF747940043BC1C /* FindMe_intro_00031.png */ = {isa = PBXFileReference; lastKnownFileType = image.png; path = FindMe_intro_00031.png; sourceTree = "<group>"; };
		2920D0BB1CF747940043BC1C /* FindMe_intro_00032.png */ = {isa = PBXFileReference; lastKnownFileType = image.png; path = FindMe_intro_00032.png; sourceTree = "<group>"; };
		2920D0BC1CF747940043BC1C /* FindMe_intro_00033.png */ = {isa = PBXFileReference; lastKnownFileType = image.png; path = FindMe_intro_00033.png; sourceTree = "<group>"; };
		2920D0BD1CF747940043BC1C /* FindMe_intro_00034.png */ = {isa = PBXFileReference; lastKnownFileType = image.png; path = FindMe_intro_00034.png; sourceTree = "<group>"; };
		2920D0BE1CF747940043BC1C /* FindMe_intro_00035.png */ = {isa = PBXFileReference; lastKnownFileType = image.png; path = FindMe_intro_00035.png; sourceTree = "<group>"; };
		2920D0BF1CF747940043BC1C /* FindMe_intro_00036.png */ = {isa = PBXFileReference; lastKnownFileType = image.png; path = FindMe_intro_00036.png; sourceTree = "<group>"; };
		2920D0C01CF747940043BC1C /* FindMe_intro_00037.png */ = {isa = PBXFileReference; lastKnownFileType = image.png; path = FindMe_intro_00037.png; sourceTree = "<group>"; };
		2920D0C11CF747940043BC1C /* FindMe_intro_00038.png */ = {isa = PBXFileReference; lastKnownFileType = image.png; path = FindMe_intro_00038.png; sourceTree = "<group>"; };
		2920D0C21CF747940043BC1C /* FindMe_intro_00039.png */ = {isa = PBXFileReference; lastKnownFileType = image.png; path = FindMe_intro_00039.png; sourceTree = "<group>"; };
		2920D0C31CF747940043BC1C /* FindMe_intro_00040.png */ = {isa = PBXFileReference; lastKnownFileType = image.png; path = FindMe_intro_00040.png; sourceTree = "<group>"; };
		2920D0C41CF747940043BC1C /* FindMe_intro_00041.png */ = {isa = PBXFileReference; lastKnownFileType = image.png; path = FindMe_intro_00041.png; sourceTree = "<group>"; };
		2920D0C51CF747940043BC1C /* FindMe_intro_00042.png */ = {isa = PBXFileReference; lastKnownFileType = image.png; path = FindMe_intro_00042.png; sourceTree = "<group>"; };
		2920D0C61CF747940043BC1C /* FindMe_intro_00043.png */ = {isa = PBXFileReference; lastKnownFileType = image.png; path = FindMe_intro_00043.png; sourceTree = "<group>"; };
		2920D0C71CF747940043BC1C /* FindMe_intro_00044.png */ = {isa = PBXFileReference; lastKnownFileType = image.png; path = FindMe_intro_00044.png; sourceTree = "<group>"; };
		2920D0C81CF747940043BC1C /* FindMe_intro_00045.png */ = {isa = PBXFileReference; lastKnownFileType = image.png; path = FindMe_intro_00045.png; sourceTree = "<group>"; };
		2920D0C91CF747940043BC1C /* FindMe_intro_00046.png */ = {isa = PBXFileReference; lastKnownFileType = image.png; path = FindMe_intro_00046.png; sourceTree = "<group>"; };
		2920D0CA1CF747940043BC1C /* FindMe_intro_00047.png */ = {isa = PBXFileReference; lastKnownFileType = image.png; path = FindMe_intro_00047.png; sourceTree = "<group>"; };
		2920D0CB1CF747940043BC1C /* FindMe_intro_00048.png */ = {isa = PBXFileReference; lastKnownFileType = image.png; path = FindMe_intro_00048.png; sourceTree = "<group>"; };
		2920D0CC1CF747940043BC1C /* FindMe_intro_00049.png */ = {isa = PBXFileReference; lastKnownFileType = image.png; path = FindMe_intro_00049.png; sourceTree = "<group>"; };
		2920D0CD1CF747940043BC1C /* FindMe_intro_00050.png */ = {isa = PBXFileReference; lastKnownFileType = image.png; path = FindMe_intro_00050.png; sourceTree = "<group>"; };
		2920D0CE1CF747940043BC1C /* FindMe_intro_00051.png */ = {isa = PBXFileReference; lastKnownFileType = image.png; path = FindMe_intro_00051.png; sourceTree = "<group>"; };
		2920D0CF1CF747940043BC1C /* FindMe_intro_00052.png */ = {isa = PBXFileReference; lastKnownFileType = image.png; path = FindMe_intro_00052.png; sourceTree = "<group>"; };
		2920D0D01CF747940043BC1C /* FindMe_intro_00053.png */ = {isa = PBXFileReference; lastKnownFileType = image.png; path = FindMe_intro_00053.png; sourceTree = "<group>"; };
		2920D0D11CF747940043BC1C /* FindMe_intro_00054.png */ = {isa = PBXFileReference; lastKnownFileType = image.png; path = FindMe_intro_00054.png; sourceTree = "<group>"; };
		2920D0D21CF747940043BC1C /* FindMe_intro_00055.png */ = {isa = PBXFileReference; lastKnownFileType = image.png; path = FindMe_intro_00055.png; sourceTree = "<group>"; };
		2920D0D31CF747940043BC1C /* FindMe_intro_00056.png */ = {isa = PBXFileReference; lastKnownFileType = image.png; path = FindMe_intro_00056.png; sourceTree = "<group>"; };
		2920D0D41CF747940043BC1C /* FindMe_intro_00057.png */ = {isa = PBXFileReference; lastKnownFileType = image.png; path = FindMe_intro_00057.png; sourceTree = "<group>"; };
		2920D0D51CF747940043BC1C /* FindMe_intro_00058.png */ = {isa = PBXFileReference; lastKnownFileType = image.png; path = FindMe_intro_00058.png; sourceTree = "<group>"; };
		2920D0D61CF747940043BC1C /* FindMe_intro_00059.png */ = {isa = PBXFileReference; lastKnownFileType = image.png; path = FindMe_intro_00059.png; sourceTree = "<group>"; };
		2920D0D71CF747940043BC1C /* FindMe_intro_00060.png */ = {isa = PBXFileReference; lastKnownFileType = image.png; path = FindMe_intro_00060.png; sourceTree = "<group>"; };
		2920D0D81CF747940043BC1C /* FindMe_intro_00061.png */ = {isa = PBXFileReference; lastKnownFileType = image.png; path = FindMe_intro_00061.png; sourceTree = "<group>"; };
		2920D0D91CF747940043BC1C /* FindMe_intro_00062.png */ = {isa = PBXFileReference; lastKnownFileType = image.png; path = FindMe_intro_00062.png; sourceTree = "<group>"; };
		2920D0DA1CF747940043BC1C /* FindMe_intro_00063.png */ = {isa = PBXFileReference; lastKnownFileType = image.png; path = FindMe_intro_00063.png; sourceTree = "<group>"; };
		2920D0DB1CF747940043BC1C /* FindMe_intro_00064.png */ = {isa = PBXFileReference; lastKnownFileType = image.png; path = FindMe_intro_00064.png; sourceTree = "<group>"; };
		2920D0DC1CF747940043BC1C /* FindMe_intro_00065.png */ = {isa = PBXFileReference; lastKnownFileType = image.png; path = FindMe_intro_00065.png; sourceTree = "<group>"; };
		2920D0DD1CF747940043BC1C /* FindMe_intro_00066.png */ = {isa = PBXFileReference; lastKnownFileType = image.png; path = FindMe_intro_00066.png; sourceTree = "<group>"; };
		2920D0DE1CF747940043BC1C /* FindMe_intro_00067.png */ = {isa = PBXFileReference; lastKnownFileType = image.png; path = FindMe_intro_00067.png; sourceTree = "<group>"; };
		2920D0DF1CF747940043BC1C /* FindMe_intro_00068.png */ = {isa = PBXFileReference; lastKnownFileType = image.png; path = FindMe_intro_00068.png; sourceTree = "<group>"; };
		2920D0E01CF747940043BC1C /* FindMe_intro_00069.png */ = {isa = PBXFileReference; lastKnownFileType = image.png; path = FindMe_intro_00069.png; sourceTree = "<group>"; };
		2920D0E21CF747940043BC1C /* Enum.swift */ = {isa = PBXFileReference; fileEncoding = 4; lastKnownFileType = sourcecode.swift; path = Enum.swift; sourceTree = "<group>"; };
		2920D0E31CF747940043BC1C /* FontAwesome.h */ = {isa = PBXFileReference; fileEncoding = 4; lastKnownFileType = sourcecode.c.h; path = FontAwesome.h; sourceTree = "<group>"; };
		2920D0E41CF747940043BC1C /* FontAwesome.otf */ = {isa = PBXFileReference; lastKnownFileType = file; path = FontAwesome.otf; sourceTree = "<group>"; };
		2920D0E51CF747940043BC1C /* FontAwesome.swift */ = {isa = PBXFileReference; fileEncoding = 4; lastKnownFileType = sourcecode.swift; path = FontAwesome.swift; sourceTree = "<group>"; };
		2920D0E61CF747940043BC1C /* Assets.xcassets */ = {isa = PBXFileReference; lastKnownFileType = folder.assetcatalog; path = Assets.xcassets; sourceTree = "<group>"; };
		2920D0E81CF747940043BC1C /* Base */ = {isa = PBXFileReference; lastKnownFileType = file.storyboard; name = Base; path = Base.lproj/LaunchScreen.storyboard; sourceTree = "<group>"; };
		2920D0EA1CF747940043BC1C /* Base */ = {isa = PBXFileReference; lastKnownFileType = file.storyboard; name = Base; path = Base.lproj/Main.storyboard; sourceTree = "<group>"; };
		2920D0EC1CF747940043BC1C /* AboutViewController.swift */ = {isa = PBXFileReference; fileEncoding = 4; lastKnownFileType = sourcecode.swift; path = AboutViewController.swift; sourceTree = "<group>"; };
		2920D0ED1CF747940043BC1C /* ContactViewController.swift */ = {isa = PBXFileReference; fileEncoding = 4; lastKnownFileType = sourcecode.swift; path = ContactViewController.swift; sourceTree = "<group>"; };
		2920D0EE1CF747940043BC1C /* LoginViewController.swift */ = {isa = PBXFileReference; fileEncoding = 4; lastKnownFileType = sourcecode.swift; path = LoginViewController.swift; sourceTree = "<group>"; };
		2920D0EF1CF747940043BC1C /* MapViewController.swift */ = {isa = PBXFileReference; fileEncoding = 4; lastKnownFileType = sourcecode.swift; path = MapViewController.swift; sourceTree = "<group>"; };
		2920D0F01CF747940043BC1C /* ParamViewController.swift */ = {isa = PBXFileReference; fileEncoding = 4; lastKnownFileType = sourcecode.swift; path = ParamViewController.swift; sourceTree = "<group>"; };
		2920D0F11CF747940043BC1C /* RegisterViewController.swift */ = {isa = PBXFileReference; fileEncoding = 4; lastKnownFileType = sourcecode.swift; path = RegisterViewController.swift; sourceTree = "<group>"; };
		2920D0F41CF747940043BC1C /* User.swift */ = {isa = PBXFileReference; fileEncoding = 4; lastKnownFileType = sourcecode.swift; path = User.swift; sourceTree = "<group>"; };
		2920D0F61CF747940043BC1C /* APIService.swift */ = {isa = PBXFileReference; fileEncoding = 4; lastKnownFileType = sourcecode.swift; path = APIService.swift; sourceTree = "<group>"; };
		2920D0F71CF747940043BC1C /* PulseAnimation.swift */ = {isa = PBXFileReference; fileEncoding = 4; lastKnownFileType = sourcecode.swift; path = PulseAnimation.swift; sourceTree = "<group>"; };
		2920D0F81CF747940043BC1C /* PusherService.swift */ = {isa = PBXFileReference; fileEncoding = 4; lastKnownFileType = sourcecode.swift; path = PusherService.swift; sourceTree = "<group>"; };
		2920D0F91CF747940043BC1C /* UserAnnotation.swift */ = {isa = PBXFileReference; fileEncoding = 4; lastKnownFileType = sourcecode.swift; path = UserAnnotation.swift; sourceTree = "<group>"; };
		2920D0FA1CF747940043BC1C /* UserService.swift */ = {isa = PBXFileReference; fileEncoding = 4; lastKnownFileType = sourcecode.swift; path = UserService.swift; sourceTree = "<group>"; };
		2920D0FB1CF747940043BC1C /* UserAnnotationView.swift */ = {isa = PBXFileReference; fileEncoding = 4; lastKnownFileType = sourcecode.swift; path = UserAnnotationView.swift; sourceTree = "<group>"; };
		29E3C5ED1C8B19B900DDD92A /* findme.app */ = {isa = PBXFileReference; explicitFileType = wrapper.application; includeInIndex = 0; path = findme.app; sourceTree = BUILT_PRODUCTS_DIR; };
		29E3C6011C8B19B900DDD92A /* findmeTests.xctest */ = {isa = PBXFileReference; explicitFileType = wrapper.cfbundle; includeInIndex = 0; path = findmeTests.xctest; sourceTree = BUILT_PRODUCTS_DIR; };
		29E3C6051C8B19B900DDD92A /* findmeTests.swift */ = {isa = PBXFileReference; lastKnownFileType = sourcecode.swift; path = findmeTests.swift; sourceTree = "<group>"; };
		9B9CBB78F6E833E8ACA030A3 /* Pods-findme.debug.xcconfig */ = {isa = PBXFileReference; includeInIndex = 1; lastKnownFileType = text.xcconfig; name = "Pods-findme.debug.xcconfig"; path = "Pods/Target Support Files/Pods-findme/Pods-findme.debug.xcconfig"; sourceTree = "<group>"; };
		A629CCAD56C2752C3DC755D6 /* Pods-findmeTests.debug.xcconfig */ = {isa = PBXFileReference; includeInIndex = 1; lastKnownFileType = text.xcconfig; name = "Pods-findmeTests.debug.xcconfig"; path = "Pods/Target Support Files/Pods-findmeTests/Pods-findmeTests.debug.xcconfig"; sourceTree = "<group>"; };
		AB008B91A044316AECEF39FA /* Pods-findme.release.xcconfig */ = {isa = PBXFileReference; includeInIndex = 1; lastKnownFileType = text.xcconfig; name = "Pods-findme.release.xcconfig"; path = "Pods/Target Support Files/Pods-findme/Pods-findme.release.xcconfig"; sourceTree = "<group>"; };
		AC81916FCF2F81FA9E09FBC8 /* Pods-findmeTests.release.xcconfig */ = {isa = PBXFileReference; includeInIndex = 1; lastKnownFileType = text.xcconfig; name = "Pods-findmeTests.release.xcconfig"; path = "Pods/Target Support Files/Pods-findmeTests/Pods-findmeTests.release.xcconfig"; sourceTree = "<group>"; };
/* End PBXFileReference section */

/* Begin PBXFrameworksBuildPhase section */
		29E3C5EA1C8B19B900DDD92A /* Frameworks */ = {
			isa = PBXFrameworksBuildPhase;
			buildActionMask = 2147483647;
			files = (
			);
			runOnlyForDeploymentPostprocessing = 0;
		};
		29E3C5FE1C8B19B900DDD92A /* Frameworks */ = {
			isa = PBXFrameworksBuildPhase;
			buildActionMask = 2147483647;
			files = (
			);
			runOnlyForDeploymentPostprocessing = 0;
		};
/* End PBXFrameworksBuildPhase section */

/* Begin PBXGroup section */
		2920D0961CF747940043BC1C /* findme */ = {
			isa = PBXGroup;
			children = (
				2920D0971CF747940043BC1C /* APICommunicator */,
				2920D0991CF747940043BC1C /* AppDelegate.swift */,
				2920D09A1CF747940043BC1C /* Assets */,
				2920D0E61CF747940043BC1C /* Assets.xcassets */,
				2920D0E71CF747940043BC1C /* LaunchScreen.storyboard */,
				2920D0E91CF747940043BC1C /* Main.storyboard */,
				2920D0EB1CF747940043BC1C /* Controller */,
				2920D0F31CF747940043BC1C /* Model */,
				2920D0F51CF747940043BC1C /* Service */,
				2920D0FB1CF747940043BC1C /* UserAnnotationView.swift */,
			);
			path = findme;
			sourceTree = "<group>";
		};
		2920D0971CF747940043BC1C /* APICommunicator */ = {
			isa = PBXGroup;
			children = (
				2920D0981CF747940043BC1C /* APICommunicator.swift */,
			);
			path = APICommunicator;
			sourceTree = "<group>";
		};
		2920D09A1CF747940043BC1C /* Assets */ = {
			isa = PBXGroup;
			children = (
				2920D09B1CF747940043BC1C /* FindMe_intro_00000.png */,
				2920D09C1CF747940043BC1C /* FindMe_intro_00001.png */,
				2920D09D1CF747940043BC1C /* FindMe_intro_00002.png */,
				2920D09E1CF747940043BC1C /* FindMe_intro_00003.png */,
				2920D09F1CF747940043BC1C /* FindMe_intro_00004.png */,
				2920D0A01CF747940043BC1C /* FindMe_intro_00005.png */,
				2920D0A11CF747940043BC1C /* FindMe_intro_00006.png */,
				2920D0A21CF747940043BC1C /* FindMe_intro_00007.png */,
				2920D0A31CF747940043BC1C /* FindMe_intro_00008.png */,
				2920D0A41CF747940043BC1C /* FindMe_intro_00009.png */,
				2920D0A51CF747940043BC1C /* FindMe_intro_00010.png */,
				2920D0A61CF747940043BC1C /* FindMe_intro_00011.png */,
				2920D0A71CF747940043BC1C /* FindMe_intro_00012.png */,
				2920D0A81CF747940043BC1C /* FindMe_intro_00013.png */,
				2920D0A91CF747940043BC1C /* FindMe_intro_00014.png */,
				2920D0AA1CF747940043BC1C /* FindMe_intro_00015.png */,
				2920D0AB1CF747940043BC1C /* FindMe_intro_00016.png */,
				2920D0AC1CF747940043BC1C /* FindMe_intro_00017.png */,
				2920D0AD1CF747940043BC1C /* FindMe_intro_00018.png */,
				2920D0AE1CF747940043BC1C /* FindMe_intro_00019.png */,
				2920D0AF1CF747940043BC1C /* FindMe_intro_00020.png */,
				2920D0B01CF747940043BC1C /* FindMe_intro_00021.png */,
				2920D0B11CF747940043BC1C /* FindMe_intro_00022.png */,
				2920D0B21CF747940043BC1C /* FindMe_intro_00023.png */,
				2920D0B31CF747940043BC1C /* FindMe_intro_00024.png */,
				2920D0B41CF747940043BC1C /* FindMe_intro_00025.png */,
				2920D0B51CF747940043BC1C /* FindMe_intro_00026.png */,
				2920D0B61CF747940043BC1C /* FindMe_intro_00027.png */,
				2920D0B71CF747940043BC1C /* FindMe_intro_00028.png */,
				2920D0B81CF747940043BC1C /* FindMe_intro_00029.png */,
				2920D0B91CF747940043BC1C /* FindMe_intro_00030.png */,
				2920D0BA1CF747940043BC1C /* FindMe_intro_00031.png */,
				2920D0BB1CF747940043BC1C /* FindMe_intro_00032.png */,
				2920D0BC1CF747940043BC1C /* FindMe_intro_00033.png */,
				2920D0BD1CF747940043BC1C /* FindMe_intro_00034.png */,
				2920D0BE1CF747940043BC1C /* FindMe_intro_00035.png */,
				2920D0BF1CF747940043BC1C /* FindMe_intro_00036.png */,
				2920D0C01CF747940043BC1C /* FindMe_intro_00037.png */,
				2920D0C11CF747940043BC1C /* FindMe_intro_00038.png */,
				2920D0C21CF747940043BC1C /* FindMe_intro_00039.png */,
				2920D0C31CF747940043BC1C /* FindMe_intro_00040.png */,
				2920D0C41CF747940043BC1C /* FindMe_intro_00041.png */,
				2920D0C51CF747940043BC1C /* FindMe_intro_00042.png */,
				2920D0C61CF747940043BC1C /* FindMe_intro_00043.png */,
				2920D0C71CF747940043BC1C /* FindMe_intro_00044.png */,
				2920D0C81CF747940043BC1C /* FindMe_intro_00045.png */,
				2920D0C91CF747940043BC1C /* FindMe_intro_00046.png */,
				2920D0CA1CF747940043BC1C /* FindMe_intro_00047.png */,
				2920D0CB1CF747940043BC1C /* FindMe_intro_00048.png */,
				2920D0CC1CF747940043BC1C /* FindMe_intro_00049.png */,
				2920D0CD1CF747940043BC1C /* FindMe_intro_00050.png */,
				2920D0CE1CF747940043BC1C /* FindMe_intro_00051.png */,
				2920D0CF1CF747940043BC1C /* FindMe_intro_00052.png */,
				2920D0D01CF747940043BC1C /* FindMe_intro_00053.png */,
				2920D0D11CF747940043BC1C /* FindMe_intro_00054.png */,
				2920D0D21CF747940043BC1C /* FindMe_intro_00055.png */,
				2920D0D31CF747940043BC1C /* FindMe_intro_00056.png */,
				2920D0D41CF747940043BC1C /* FindMe_intro_00057.png */,
				2920D0D51CF747940043BC1C /* FindMe_intro_00058.png */,
				2920D0D61CF747940043BC1C /* FindMe_intro_00059.png */,
				2920D0D71CF747940043BC1C /* FindMe_intro_00060.png */,
				2920D0D81CF747940043BC1C /* FindMe_intro_00061.png */,
				2920D0D91CF747940043BC1C /* FindMe_intro_00062.png */,
				2920D0DA1CF747940043BC1C /* FindMe_intro_00063.png */,
				2920D0DB1CF747940043BC1C /* FindMe_intro_00064.png */,
				2920D0DC1CF747940043BC1C /* FindMe_intro_00065.png */,
				2920D0DD1CF747940043BC1C /* FindMe_intro_00066.png */,
				2920D0DE1CF747940043BC1C /* FindMe_intro_00067.png */,
				2920D0DF1CF747940043BC1C /* FindMe_intro_00068.png */,
				2920D0E01CF747940043BC1C /* FindMe_intro_00069.png */,
				2920D0E11CF747940043BC1C /* Font Awesome */,
			);
			path = Assets;
			sourceTree = "<group>";
		};
		2920D0E11CF747940043BC1C /* Font Awesome */ = {
			isa = PBXGroup;
			children = (
				2920D0E21CF747940043BC1C /* Enum.swift */,
				2920D0E31CF747940043BC1C /* FontAwesome.h */,
				2920D0E41CF747940043BC1C /* FontAwesome.otf */,
				2920D0E51CF747940043BC1C /* FontAwesome.swift */,
			);
			path = "Font Awesome";
			sourceTree = "<group>";
		};
		2920D0EB1CF747940043BC1C /* Controller */ = {
			isa = PBXGroup;
			children = (
				2920D0EC1CF747940043BC1C /* AboutViewController.swift */,
				2920D0ED1CF747940043BC1C /* ContactViewController.swift */,
				2920D0EE1CF747940043BC1C /* LoginViewController.swift */,
				2920D0EF1CF747940043BC1C /* MapViewController.swift */,
				2920D0F01CF747940043BC1C /* ParamViewController.swift */,
				2920D0F11CF747940043BC1C /* RegisterViewController.swift */,
			);
			path = Controller;
			sourceTree = "<group>";
		};
		2920D0F31CF747940043BC1C /* Model */ = {
			isa = PBXGroup;
			children = (
				2920D0F41CF747940043BC1C /* User.swift */,
			);
			path = Model;
			sourceTree = "<group>";
		};
		2920D0F51CF747940043BC1C /* Service */ = {
			isa = PBXGroup;
			children = (
				2920D0F61CF747940043BC1C /* APIService.swift */,
				2920D0F71CF747940043BC1C /* PulseAnimation.swift */,
				2920D0F81CF747940043BC1C /* PusherService.swift */,
				2920D0F91CF747940043BC1C /* UserAnnotation.swift */,
				2920D0FA1CF747940043BC1C /* UserService.swift */,
			);
			path = Service;
			sourceTree = "<group>";
		};
		29E3C5E41C8B19B900DDD92A = {
			isa = PBXGroup;
			children = (
				2920D0961CF747940043BC1C /* findme */,
				03CF68FD1C97491400194684 /* umpc.gpx */,
				29E3C6041C8B19B900DDD92A /* findmeTests */,
				29E3C5EE1C8B19B900DDD92A /* Products */,
				E14EC0CF6B71E1EE123A8C71 /* Pods */,
			);
			sourceTree = "<group>";
		};
		29E3C5EE1C8B19B900DDD92A /* Products */ = {
			isa = PBXGroup;
			children = (
				29E3C5ED1C8B19B900DDD92A /* findme.app */,
				29E3C6011C8B19B900DDD92A /* findmeTests.xctest */,
			);
			name = Products;
			sourceTree = "<group>";
		};
		29E3C6041C8B19B900DDD92A /* findmeTests */ = {
			isa = PBXGroup;
			children = (
				29E3C6051C8B19B900DDD92A /* findmeTests.swift */,
			);
			path = findmeTests;
			sourceTree = "<group>";
		};
		E14EC0CF6B71E1EE123A8C71 /* Pods */ = {
			isa = PBXGroup;
			children = (
				9B9CBB78F6E833E8ACA030A3 /* Pods-findme.debug.xcconfig */,
				AB008B91A044316AECEF39FA /* Pods-findme.release.xcconfig */,
				A629CCAD56C2752C3DC755D6 /* Pods-findmeTests.debug.xcconfig */,
				AC81916FCF2F81FA9E09FBC8 /* Pods-findmeTests.release.xcconfig */,
			);
			name = Pods;
			sourceTree = "<group>";
		};
/* End PBXGroup section */

/* Begin PBXNativeTarget section */
		29E3C5EC1C8B19B900DDD92A /* findme */ = {
			isa = PBXNativeTarget;
			buildConfigurationList = 29E3C60A1C8B19B900DDD92A /* Build configuration list for PBXNativeTarget "findme" */;
			buildPhases = (
				ACF4626886EEDFE8074E7CCB /* uD83DuDCE6 Check Pods Manifest.lock */,
				29E3C5E91C8B19B900DDD92A /* Sources */,
				29E3C5EA1C8B19B900DDD92A /* Frameworks */,
				29E3C5EB1C8B19B900DDD92A /* Resources */,
				780B9660ADE53449584F208D /* uD83DuDCE6 Embed Pods Frameworks */,
				F5650830874FAEC96C087547 /* uD83DuDCE6 Copy Pods Resources */,
			);
			buildRules = (
			);
			dependencies = (
			);
			name = findme;
			productName = findme;
			productReference = 29E3C5ED1C8B19B900DDD92A /* findme.app */;
			productType = "com.apple.product-type.application";
		};
		29E3C6001C8B19B900DDD92A /* findmeTests */ = {
			isa = PBXNativeTarget;
			buildConfigurationList = 29E3C60D1C8B19B900DDD92A /* Build configuration list for PBXNativeTarget "findmeTests" */;
			buildPhases = (
				DCD2324680E3BD8E5BF38FE5 /* uD83DuDCE6 Check Pods Manifest.lock */,
				29E3C5FD1C8B19B900DDD92A /* Sources */,
				29E3C5FE1C8B19B900DDD92A /* Frameworks */,
				29E3C5FF1C8B19B900DDD92A /* Resources */,
				3D12D5D552F0459A02BEE2B3 /* uD83DuDCE6 Embed Pods Frameworks */,
				032E4B46CEA6BB27F1B1695C /* uD83DuDCE6 Copy Pods Resources */,
			);
			buildRules = (
			);
			dependencies = (
				29E3C6031C8B19B900DDD92A /* PBXTargetDependency */,
			);
			name = findmeTests;
			productName = findmeTests;
			productReference = 29E3C6011C8B19B900DDD92A /* findmeTests.xctest */;
			productType = "com.apple.product-type.bundle.unit-test";
		};
/* End PBXNativeTarget section */

/* Begin PBXProject section */
		29E3C5E51C8B19B900DDD92A /* Project object */ = {
			isa = PBXProject;
			attributes = {
				LastSwiftUpdateCheck = 0720;
				LastUpgradeCheck = 0720;
				ORGANIZATIONNAME = "Maxime Signoret";
				TargetAttributes = {
					29E3C5EC1C8B19B900DDD92A = {
						CreatedOnToolsVersion = 7.2.1;
						DevelopmentTeam = 4ZSG7LC9DZ;
					};
					29E3C6001C8B19B900DDD92A = {
						CreatedOnToolsVersion = 7.2.1;
						TestTargetID = 29E3C5EC1C8B19B900DDD92A;
					};
				};
			};
			buildConfigurationList = 29E3C5E81C8B19B900DDD92A /* Build configuration list for PBXProject "findme" */;
			compatibilityVersion = "Xcode 3.2";
			developmentRegion = English;
			hasScannedForEncodings = 0;
			knownRegions = (
				en,
				Base,
			);
			mainGroup = 29E3C5E41C8B19B900DDD92A;
			productRefGroup = 29E3C5EE1C8B19B900DDD92A /* Products */;
			projectDirPath = "";
			projectRoot = "";
			targets = (
				29E3C5EC1C8B19B900DDD92A /* findme */,
				29E3C6001C8B19B900DDD92A /* findmeTests */,
			);
		};
/* End PBXProject section */

/* Begin PBXResourcesBuildPhase section */
		29E3C5EB1C8B19B900DDD92A /* Resources */ = {
			isa = PBXResourcesBuildPhase;
			buildActionMask = 2147483647;
			files = (
				2920D12C1CF747940043BC1C /* FindMe_intro_00046.png in Resources */,
				2920D1211CF747940043BC1C /* FindMe_intro_00035.png in Resources */,
				2920D1241CF747940043BC1C /* FindMe_intro_00038.png in Resources */,
				2920D1001CF747940043BC1C /* FindMe_intro_00002.png in Resources */,
				2920D1201CF747940043BC1C /* FindMe_intro_00034.png in Resources */,
				2920D1321CF747940043BC1C /* FindMe_intro_00052.png in Resources */,
				2920D1391CF747940043BC1C /* FindMe_intro_00059.png in Resources */,
				2920D1331CF747940043BC1C /* FindMe_intro_00053.png in Resources */,
				2920D0FE1CF747940043BC1C /* FindMe_intro_00000.png in Resources */,
				2920D12F1CF747940043BC1C /* FindMe_intro_00049.png in Resources */,
				2920D1301CF747940043BC1C /* FindMe_intro_00050.png in Resources */,
				2920D1141CF747940043BC1C /* FindMe_intro_00022.png in Resources */,
				2920D1381CF747940043BC1C /* FindMe_intro_00058.png in Resources */,
				2920D1351CF747940043BC1C /* FindMe_intro_00055.png in Resources */,
				2920D1451CF747940043BC1C /* FontAwesome.otf in Resources */,
				2920D12A1CF747940043BC1C /* FindMe_intro_00044.png in Resources */,
				2920D1061CF747940043BC1C /* FindMe_intro_00008.png in Resources */,
				2920D1191CF747940043BC1C /* FindMe_intro_00027.png in Resources */,
				2920D1281CF747940043BC1C /* FindMe_intro_00042.png in Resources */,
				2920D13B1CF747940043BC1C /* FindMe_intro_00061.png in Resources */,
				2920D1341CF747940043BC1C /* FindMe_intro_00054.png in Resources */,
				2920D1361CF747940043BC1C /* FindMe_intro_00056.png in Resources */,
				2920D1231CF747940043BC1C /* FindMe_intro_00037.png in Resources */,
				2920D1051CF747940043BC1C /* FindMe_intro_00007.png in Resources */,
				2920D11B1CF747940043BC1C /* FindMe_intro_00029.png in Resources */,
				2920D1111CF747940043BC1C /* FindMe_intro_00019.png in Resources */,
				2920D13A1CF747940043BC1C /* FindMe_intro_00060.png in Resources */,
				2920D1271CF747940043BC1C /* FindMe_intro_00041.png in Resources */,
				2920D1151CF747940043BC1C /* FindMe_intro_00023.png in Resources */,
				2920D1221CF747940043BC1C /* FindMe_intro_00036.png in Resources */,
				2920D1021CF747940043BC1C /* FindMe_intro_00004.png in Resources */,
				2920D1481CF747940043BC1C /* LaunchScreen.storyboard in Resources */,
				2920D13D1CF747940043BC1C /* FindMe_intro_00063.png in Resources */,
				2920D13C1CF747940043BC1C /* FindMe_intro_00062.png in Resources */,
				2920D11D1CF747940043BC1C /* FindMe_intro_00031.png in Resources */,
				2920D1011CF747940043BC1C /* FindMe_intro_00003.png in Resources */,
				2920D13F1CF747940043BC1C /* FindMe_intro_00065.png in Resources */,
				2920D1041CF747940043BC1C /* FindMe_intro_00006.png in Resources */,
				2920D11E1CF747940043BC1C /* FindMe_intro_00032.png in Resources */,
				2920D1291CF747940043BC1C /* FindMe_intro_00043.png in Resources */,
				2920D1101CF747940043BC1C /* FindMe_intro_00018.png in Resources */,
				2920D1131CF747940043BC1C /* FindMe_intro_00021.png in Resources */,
				2920D12E1CF747940043BC1C /* FindMe_intro_00048.png in Resources */,
				2920D10B1CF747940043BC1C /* FindMe_intro_00013.png in Resources */,
				2920D1401CF747940043BC1C /* FindMe_intro_00066.png in Resources */,
				2920D1081CF747940043BC1C /* FindMe_intro_00010.png in Resources */,
				2920D1181CF747940043BC1C /* FindMe_intro_00026.png in Resources */,
				2920D1311CF747940043BC1C /* FindMe_intro_00051.png in Resources */,
				2920D1261CF747940043BC1C /* FindMe_intro_00040.png in Resources */,
				2920D10F1CF747940043BC1C /* FindMe_intro_00017.png in Resources */,
				2920D1121CF747940043BC1C /* FindMe_intro_00020.png in Resources */,
				2920D1491CF747940043BC1C /* Main.storyboard in Resources */,
				03CF68FE1C97491400194684 /* umpc.gpx in Resources */,
				2920D0FF1CF747940043BC1C /* FindMe_intro_00001.png in Resources */,
				2920D1471CF747940043BC1C /* Assets.xcassets in Resources */,
				2920D10D1CF747940043BC1C /* FindMe_intro_00015.png in Resources */,
				2920D10C1CF747940043BC1C /* FindMe_intro_00014.png in Resources */,
				2920D1161CF747940043BC1C /* FindMe_intro_00024.png in Resources */,
				2920D1251CF747940043BC1C /* FindMe_intro_00039.png in Resources */,
				2920D12D1CF747940043BC1C /* FindMe_intro_00047.png in Resources */,
				2920D13E1CF747940043BC1C /* FindMe_intro_00064.png in Resources */,
				2920D1371CF747940043BC1C /* FindMe_intro_00057.png in Resources */,
				2920D11F1CF747940043BC1C /* FindMe_intro_00033.png in Resources */,
				2920D1431CF747940043BC1C /* FindMe_intro_00069.png in Resources */,
				2920D12B1CF747940043BC1C /* FindMe_intro_00045.png in Resources */,
				2920D1421CF747940043BC1C /* FindMe_intro_00068.png in Resources */,
				2920D10E1CF747940043BC1C /* FindMe_intro_00016.png in Resources */,
				2920D11C1CF747940043BC1C /* FindMe_intro_00030.png in Resources */,
				2920D1091CF747940043BC1C /* FindMe_intro_00011.png in Resources */,
				2920D10A1CF747940043BC1C /* FindMe_intro_00012.png in Resources */,
				2920D11A1CF747940043BC1C /* FindMe_intro_00028.png in Resources */,
				2920D1031CF747940043BC1C /* FindMe_intro_00005.png in Resources */,
				2920D1411CF747940043BC1C /* FindMe_intro_00067.png in Resources */,
				2920D1071CF747940043BC1C /* FindMe_intro_00009.png in Resources */,
				2920D1171CF747940043BC1C /* FindMe_intro_00025.png in Resources */,
			);
			runOnlyForDeploymentPostprocessing = 0;
		};
		29E3C5FF1C8B19B900DDD92A /* Resources */ = {
			isa = PBXResourcesBuildPhase;
			buildActionMask = 2147483647;
			files = (
			);
			runOnlyForDeploymentPostprocessing = 0;
		};
/* End PBXResourcesBuildPhase section */

/* Begin PBXShellScriptBuildPhase section */
		032E4B46CEA6BB27F1B1695C /* uD83DuDCE6 Copy Pods Resources */ = {
			isa = PBXShellScriptBuildPhase;
			buildActionMask = 2147483647;
			files = (
			);
			inputPaths = (
			);
			name = "uD83DuDCE6 Copy Pods Resources";
			outputPaths = (
			);
			runOnlyForDeploymentPostprocessing = 0;
			shellPath = /bin/sh;
			shellScript = "\"${SRCROOT}/Pods/Target Support Files/Pods-findmeTests/Pods-findmeTests-resources.sh\"\n";
			showEnvVarsInLog = 0;
		};
		3D12D5D552F0459A02BEE2B3 /* uD83DuDCE6 Embed Pods Frameworks */ = {
			isa = PBXShellScriptBuildPhase;
			buildActionMask = 2147483647;
			files = (
			);
			inputPaths = (
			);
			name = "uD83DuDCE6 Embed Pods Frameworks";
			outputPaths = (
			);
			runOnlyForDeploymentPostprocessing = 0;
			shellPath = /bin/sh;
			shellScript = "\"${SRCROOT}/Pods/Target Support Files/Pods-findmeTests/Pods-findmeTests-frameworks.sh\"\n";
			showEnvVarsInLog = 0;
		};
		780B9660ADE53449584F208D /* uD83DuDCE6 Embed Pods Frameworks */ = {
			isa = PBXShellScriptBuildPhase;
			buildActionMask = 2147483647;
			files = (
			);
			inputPaths = (
			);
			name = "uD83DuDCE6 Embed Pods Frameworks";
			outputPaths = (
			);
			runOnlyForDeploymentPostprocessing = 0;
			shellPath = /bin/sh;
			shellScript = "\"${SRCROOT}/Pods/Target Support Files/Pods-findme/Pods-findme-frameworks.sh\"\n";
			showEnvVarsInLog = 0;
		};
		ACF4626886EEDFE8074E7CCB /* uD83DuDCE6 Check Pods Manifest.lock */ = {
			isa = PBXShellScriptBuildPhase;
			buildActionMask = 2147483647;
			files = (
			);
			inputPaths = (
			);
			name = "uD83DuDCE6 Check Pods Manifest.lock";
			outputPaths = (
			);
			runOnlyForDeploymentPostprocessing = 0;
			shellPath = /bin/sh;
			shellScript = "diff \"${PODS_ROOT}/../Podfile.lock\" \"${PODS_ROOT}/Manifest.lock\" > /dev/null\nif [[ $? != 0 ]] ; then\n    cat << EOM\nerror: The sandbox is not in sync with the Podfile.lock. Run 'pod install' or update your CocoaPods installation.\nEOM\n    exit 1\nfi\n";
			showEnvVarsInLog = 0;
		};
		DCD2324680E3BD8E5BF38FE5 /* uD83DuDCE6 Check Pods Manifest.lock */ = {
			isa = PBXShellScriptBuildPhase;
			buildActionMask = 2147483647;
			files = (
			);
			inputPaths = (
			);
			name = "uD83DuDCE6 Check Pods Manifest.lock";
			outputPaths = (
			);
			runOnlyForDeploymentPostprocessing = 0;
			shellPath = /bin/sh;
			shellScript = "diff \"${PODS_ROOT}/../Podfile.lock\" \"${PODS_ROOT}/Manifest.lock\" > /dev/null\nif [[ $? != 0 ]] ; then\n    cat << EOM\nerror: The sandbox is not in sync with the Podfile.lock. Run 'pod install' or update your CocoaPods installation.\nEOM\n    exit 1\nfi\n";
			showEnvVarsInLog = 0;
		};
		F5650830874FAEC96C087547 /* uD83DuDCE6 Copy Pods Resources */ = {
			isa = PBXShellScriptBuildPhase;
			buildActionMask = 2147483647;
			files = (
			);
			inputPaths = (
			);
			name = "uD83DuDCE6 Copy Pods Resources";
			outputPaths = (
			);
			runOnlyForDeploymentPostprocessing = 0;
			shellPath = /bin/sh;
			shellScript = "\"${SRCROOT}/Pods/Target Support Files/Pods-findme/Pods-findme-resources.sh\"\n";
			showEnvVarsInLog = 0;
		};
/* End PBXShellScriptBuildPhase section */

/* Begin PBXSourcesBuildPhase section */
		29E3C5E91C8B19B900DDD92A /* Sources */ = {
			isa = PBXSourcesBuildPhase;
			buildActionMask = 2147483647;
			files = (
				2920D14C1CF747940043BC1C /* LoginViewController.swift in Sources */,
				2920D14F1CF747940043BC1C /* RegisterViewController.swift in Sources */,
				2920D1461CF747940043BC1C /* FontAwesome.swift in Sources */,
				2920D0FD1CF747940043BC1C /* AppDelegate.swift in Sources */,
				2920D0FC1CF747940043BC1C /* APICommunicator.swift in Sources */,
				2920D14A1CF747940043BC1C /* AboutViewController.swift in Sources */,
				2920D14E1CF747940043BC1C /* ParamViewController.swift in Sources */,
				2920D1441CF747940043BC1C /* Enum.swift in Sources */,
				2920D1531CF747940043BC1C /* PulseAnimation.swift in Sources */,
				2920D14B1CF747940043BC1C /* ContactViewController.swift in Sources */,
				2920D1541CF747940043BC1C /* PusherService.swift in Sources */,
				2920D14D1CF747940043BC1C /* MapViewController.swift in Sources */,
				2920D1561CF747940043BC1C /* UserService.swift in Sources */,
				2920D1571CF747940043BC1C /* UserAnnotationView.swift in Sources */,
				2920D1551CF747940043BC1C /* UserAnnotation.swift in Sources */,
				2920D1521CF747940043BC1C /* APIService.swift in Sources */,
				2920D1511CF747940043BC1C /* User.swift in Sources */,
			);
			runOnlyForDeploymentPostprocessing = 0;
		};
		29E3C5FD1C8B19B900DDD92A /* Sources */ = {
			isa = PBXSourcesBuildPhase;
			buildActionMask = 2147483647;
			files = (
				29E3C6061C8B19B900DDD92A /* findmeTests.swift in Sources */,
			);
			runOnlyForDeploymentPostprocessing = 0;
		};
/* End PBXSourcesBuildPhase section */

/* Begin PBXTargetDependency section */
		29E3C6031C8B19B900DDD92A /* PBXTargetDependency */ = {
			isa = PBXTargetDependency;
			target = 29E3C5EC1C8B19B900DDD92A /* findme */;
			targetProxy = 29E3C6021C8B19B900DDD92A /* PBXContainerItemProxy */;
		};
/* End PBXTargetDependency section */

/* Begin PBXVariantGroup section */
		2920D0E71CF747940043BC1C /* LaunchScreen.storyboard */ = {
			isa = PBXVariantGroup;
			children = (
				2920D0E81CF747940043BC1C /* Base */,
			);
			name = LaunchScreen.storyboard;
			sourceTree = "<group>";
		};
		2920D0E91CF747940043BC1C /* Main.storyboard */ = {
			isa = PBXVariantGroup;
			children = (
				2920D0EA1CF747940043BC1C /* Base */,
			);
			name = Main.storyboard;
			sourceTree = "<group>";
		};
/* End PBXVariantGroup section */

/* Begin XCBuildConfiguration section */
		29E3C6081C8B19B900DDD92A /* Debug */ = {
			isa = XCBuildConfiguration;
			buildSettings = {
				ALWAYS_SEARCH_USER_PATHS = NO;
				CLANG_CXX_LANGUAGE_STANDARD = "gnu++0x";
				CLANG_CXX_LIBRARY = "libc++";
				CLANG_ENABLE_MODULES = YES;
				CLANG_ENABLE_OBJC_ARC = YES;
				CLANG_WARN_BOOL_CONVERSION = YES;
				CLANG_WARN_CONSTANT_CONVERSION = YES;
				CLANG_WARN_DIRECT_OBJC_ISA_USAGE = YES_ERROR;
				CLANG_WARN_EMPTY_BODY = YES;
				CLANG_WARN_ENUM_CONVERSION = YES;
				CLANG_WARN_INT_CONVERSION = YES;
				CLANG_WARN_OBJC_ROOT_CLASS = YES_ERROR;
				CLANG_WARN_UNREACHABLE_CODE = YES;
				CLANG_WARN__DUPLICATE_METHOD_MATCH = YES;
				"CODE_SIGN_IDENTITY[sdk=iphoneos*]" = "iPhone Developer";
				COPY_PHASE_STRIP = NO;
				DEBUG_INFORMATION_FORMAT = dwarf;
				ENABLE_STRICT_OBJC_MSGSEND = YES;
				ENABLE_TESTABILITY = YES;
				GCC_C_LANGUAGE_STANDARD = gnu99;
				GCC_DYNAMIC_NO_PIC = NO;
				GCC_NO_COMMON_BLOCKS = YES;
				GCC_OPTIMIZATION_LEVEL = 0;
				GCC_PREPROCESSOR_DEFINITIONS = (
					"DEBUG=1",
					"$(inherited)",
				);
				GCC_WARN_64_TO_32_BIT_CONVERSION = YES;
				GCC_WARN_ABOUT_RETURN_TYPE = YES_ERROR;
				GCC_WARN_UNDECLARED_SELECTOR = YES;
				GCC_WARN_UNINITIALIZED_AUTOS = YES_AGGRESSIVE;
				GCC_WARN_UNUSED_FUNCTION = YES;
				GCC_WARN_UNUSED_VARIABLE = YES;
				IPHONEOS_DEPLOYMENT_TARGET = 9.2;
				MTL_ENABLE_DEBUG_INFO = YES;
				ONLY_ACTIVE_ARCH = YES;
				SDKROOT = iphoneos;
				SWIFT_OPTIMIZATION_LEVEL = "-Onone";
				TARGETED_DEVICE_FAMILY = "1,2";
			};
			name = Debug;
		};
		29E3C6091C8B19B900DDD92A /* Release */ = {
			isa = XCBuildConfiguration;
			buildSettings = {
				ALWAYS_SEARCH_USER_PATHS = NO;
				CLANG_CXX_LANGUAGE_STANDARD = "gnu++0x";
				CLANG_CXX_LIBRARY = "libc++";
				CLANG_ENABLE_MODULES = YES;
				CLANG_ENABLE_OBJC_ARC = YES;
				CLANG_WARN_BOOL_CONVERSION = YES;
				CLANG_WARN_CONSTANT_CONVERSION = YES;
				CLANG_WARN_DIRECT_OBJC_ISA_USAGE = YES_ERROR;
				CLANG_WARN_EMPTY_BODY = YES;
				CLANG_WARN_ENUM_CONVERSION = YES;
				CLANG_WARN_INT_CONVERSION = YES;
				CLANG_WARN_OBJC_ROOT_CLASS = YES_ERROR;
				CLANG_WARN_UNREACHABLE_CODE = YES;
				CLANG_WARN__DUPLICATE_METHOD_MATCH = YES;
				"CODE_SIGN_IDENTITY[sdk=iphoneos*]" = "iPhone Developer";
				COPY_PHASE_STRIP = NO;
				DEBUG_INFORMATION_FORMAT = "dwarf-with-dsym";
				ENABLE_NS_ASSERTIONS = NO;
				ENABLE_STRICT_OBJC_MSGSEND = YES;
				GCC_C_LANGUAGE_STANDARD = gnu99;
				GCC_NO_COMMON_BLOCKS = YES;
				GCC_WARN_64_TO_32_BIT_CONVERSION = YES;
				GCC_WARN_ABOUT_RETURN_TYPE = YES_ERROR;
				GCC_WARN_UNDECLARED_SELECTOR = YES;
				GCC_WARN_UNINITIALIZED_AUTOS = YES_AGGRESSIVE;
				GCC_WARN_UNUSED_FUNCTION = YES;
				GCC_WARN_UNUSED_VARIABLE = YES;
				IPHONEOS_DEPLOYMENT_TARGET = 9.2;
				MTL_ENABLE_DEBUG_INFO = NO;
				SDKROOT = iphoneos;
				TARGETED_DEVICE_FAMILY = "1,2";
				VALIDATE_PRODUCT = YES;
			};
			name = Release;
		};
		29E3C60B1C8B19B900DDD92A /* Debug */ = {
			isa = XCBuildConfiguration;
			baseConfigurationReference = 9B9CBB78F6E833E8ACA030A3 /* Pods-findme.debug.xcconfig */;
			buildSettings = {
				ASSETCATALOG_COMPILER_APPICON_NAME = AppIcon;
				CODE_SIGN_IDENTITY = "iPhone Developer";
				"CODE_SIGN_IDENTITY[sdk=iphoneos*]" = "iPhone Developer";
				IPHONEOS_DEPLOYMENT_TARGET = 9.3;
				LD_RUNPATH_SEARCH_PATHS = "$(inherited) @executable_path/Frameworks";
				PRODUCT_BUNDLE_IDENTIFIER = "com.findme-app";
				PRODUCT_NAME = "$(TARGET_NAME)";
				PROVISIONING_PROFILE = "";
			};
			name = Debug;
		};
		29E3C60C1C8B19B900DDD92A /* Release */ = {
			isa = XCBuildConfiguration;
			baseConfigurationReference = AB008B91A044316AECEF39FA /* Pods-findme.release.xcconfig */;
			buildSettings = {
				ASSETCATALOG_COMPILER_APPICON_NAME = AppIcon;
				CODE_SIGN_IDENTITY = "iPhone Developer";
				"CODE_SIGN_IDENTITY[sdk=iphoneos*]" = "iPhone Developer";
				IPHONEOS_DEPLOYMENT_TARGET = 9.3;
				LD_RUNPATH_SEARCH_PATHS = "$(inherited) @executable_path/Frameworks";
				PRODUCT_BUNDLE_IDENTIFIER = "com.findme-app";
				PRODUCT_NAME = "$(TARGET_NAME)";
				PROVISIONING_PROFILE = "";
			};
			name = Release;
		};
		29E3C60E1C8B19B900DDD92A /* Debug */ = {
			isa = XCBuildConfiguration;
			baseConfigurationReference = A629CCAD56C2752C3DC755D6 /* Pods-findmeTests.debug.xcconfig */;
			buildSettings = {
				BUNDLE_LOADER = "$(TEST_HOST)";
				LD_RUNPATH_SEARCH_PATHS = "$(inherited) @executable_path/Frameworks @loader_path/Frameworks";
				PRODUCT_BUNDLE_IDENTIFIER = com.maximesignoret.findmeTests;
				PRODUCT_NAME = "$(TARGET_NAME)";
				TEST_HOST = "$(BUILT_PRODUCTS_DIR)/findme.app/findme";
			};
			name = Debug;
		};
		29E3C60F1C8B19B900DDD92A /* Release */ = {
			isa = XCBuildConfiguration;
			baseConfigurationReference = AC81916FCF2F81FA9E09FBC8 /* Pods-findmeTests.release.xcconfig */;
			buildSettings = {
				BUNDLE_LOADER = "$(TEST_HOST)";
				LD_RUNPATH_SEARCH_PATHS = "$(inherited) @executable_path/Frameworks @loader_path/Frameworks";
				PRODUCT_BUNDLE_IDENTIFIER = com.maximesignoret.findmeTests;
				PRODUCT_NAME = "$(TARGET_NAME)";
				TEST_HOST = "$(BUILT_PRODUCTS_DIR)/findme.app/findme";
			};
			name = Release;
		};
/* End XCBuildConfiguration section */

/* Begin XCConfigurationList section */
		29E3C5E81C8B19B900DDD92A /* Build configuration list for PBXProject "findme" */ = {
			isa = XCConfigurationList;
			buildConfigurations = (
				29E3C6081C8B19B900DDD92A /* Debug */,
				29E3C6091C8B19B900DDD92A /* Release */,
			);
			defaultConfigurationIsVisible = 0;
			defaultConfigurationName = Release;
		};
		29E3C60A1C8B19B900DDD92A /* Build configuration list for PBXNativeTarget "findme" */ = {
			isa = XCConfigurationList;
			buildConfigurations = (
				29E3C60B1C8B19B900DDD92A /* Debug */,
				29E3C60C1C8B19B900DDD92A /* Release */,
			);
			defaultConfigurationIsVisible = 0;
			defaultConfigurationName = Release;
		};
		29E3C60D1C8B19B900DDD92A /* Build configuration list for PBXNativeTarget "findmeTests" */ = {
			isa = XCConfigurationList;
			buildConfigurations = (
				29E3C60E1C8B19B900DDD92A /* Debug */,
				29E3C60F1C8B19B900DDD92A /* Release */,
			);
			defaultConfigurationIsVisible = 0;
			defaultConfigurationName = Release;
		};
/* End XCConfigurationList section */
	};
	rootObject = 29E3C5E51C8B19B900DDD92A /* Project object */;
}
